// !$*UTF8*$!
{
	archiveVersion = 1;
	classes = {
	};
	objectVersion = 77;
	objects = {

/* Begin PBXBuildFile section */
		00BFD1E10B4560AA9E984429 /* VPNPlusTunnel.systemextension in Embed System Extensions */ = {isa = PBXBuildFile; fileRef = 5C891AFB48AF4ED86888CD08 /* VPNPlusTunnel.systemextension */; settings = {ATTRIBUTES = (RemoveHeadersOnCopy, ); }; };
		017407B0623EE77D6A116F9F /* App.swift in Sources */ = {isa = PBXBuildFile; fileRef = EFEC2F7E4380EC79C2474F2F /* App.swift */; };
		073421D6D9DC3410D7871D1B /* OpenVPNPhases.swift in Sources */ = {isa = PBXBuildFile; fileRef = 3C272E4AD0B0F8E346C08845 /* OpenVPNPhases.swift */; };
		077573B0F616E37B840AAAEB /* DiagnosticsExport.swift in Sources */ = {isa = PBXBuildFile; fileRef = A1FF8173104FC29D9BD0AE52 /* DiagnosticsExport.swift */; };
		0C3DD91D363F7B0529163C7D /* Redaction.swift in Sources */ = {isa = PBXBuildFile; fileRef = 78465DC02DD9E2EF9A28C78E /* Redaction.swift */; };
		0D638FEAF5C869187DDA8AD6 /* MessageSheet.swift in Sources */ = {isa = PBXBuildFile; fileRef = 04CAFB64BEF242A0C35DF78D /* MessageSheet.swift */; };
		0D8358E4AB9B02338F7070BB /* ValidateTests.swift in Sources */ = {isa = PBXBuildFile; fileRef = 7902FE342F46EC63BBD69985 /* ValidateTests.swift */; };
		0E04F2C597286220660B161C /* VPNPlusCore in Frameworks */ = {isa = PBXBuildFile; productRef = B4EEE11DD89DF281EE6A7291 /* VPNPlusCore */; };
		13F1FCCBDEECCB6DD42BCFDD /* Credits.html in Resources */ = {isa = PBXBuildFile; fileRef = 042037E0B22859B737C16618 /* Credits.html */; };
		1416F69FDA7E299A883F0701 /* Changelog.swift in Sources */ = {isa = PBXBuildFile; fileRef = E738659C9B4C1C016C2F606B /* Changelog.swift */; };
		14C783E99F2201AB42BB1F88 /* NetworkFactsReader.swift in Sources */ = {isa = PBXBuildFile; fileRef = A9B2A016A257BF9339FBFA19 /* NetworkFactsReader.swift */; };
		1664C02BE39BF5C3FC4E527A /* libVPNPlusEngine.a in Frameworks */ = {isa = PBXBuildFile; fileRef = 5FBDBC35E7CE4C4696A7A964 /* libVPNPlusEngine.a */; };
		16EE42E2F63BDDCF592AC95C /* RehearsalTestCase.swift in Sources */ = {isa = PBXBuildFile; fileRef = FE18FA4C46BAE2B5FC26CA2D /* RehearsalTestCase.swift */; };
		1C770054289F7146D4559641 /* libVPNPlusEngine.a in Frameworks */ = {isa = PBXBuildFile; fileRef = 5FBDBC35E7CE4C4696A7A964 /* libVPNPlusEngine.a */; };
		20A72A340ACB7C5286938572 /* CoreFoundation.framework in Frameworks */ = {isa = PBXBuildFile; fileRef = 13133B04CBB3D94810E7E1E6 /* CoreFoundation.framework */; };
		22A48AEB674D8C550ACD14FD /* GuidanceView.swift in Sources */ = {isa = PBXBuildFile; fileRef = 7D909B6E7CA25FA69DB86615 /* GuidanceView.swift */; };
		2903FFE66AF2035C206A32EE /* StatusItem.swift in Sources */ = {isa = PBXBuildFile; fileRef = 8FEE9E343B5527DF69A7C22D /* StatusItem.swift */; };
		2C45A689AB3F524EC9811B10 /* Rehearsal.swift in Sources */ = {isa = PBXBuildFile; fileRef = 59815D05337FE5458380DE49 /* Rehearsal.swift */; };
		32FA7E6C072EBD7B4B79A43E /* PhaseLabels.swift in Sources */ = {isa = PBXBuildFile; fileRef = 647C8572875DE2E4455B46E1 /* PhaseLabels.swift */; };
		3495A69B1F13A4E26949921E /* OpenVPNFailures.swift in Sources */ = {isa = PBXBuildFile; fileRef = 4A00673A62DFD2E34E00EC01 /* OpenVPNFailures.swift */; };
		350C71B1B88CD72D355C3527 /* OpenVPNFailures.swift in Sources */ = {isa = PBXBuildFile; fileRef = 4A00673A62DFD2E34E00EC01 /* OpenVPNFailures.swift */; };
		367C42315143D887CA3CFCB0 /* SurfacesTests.swift in Sources */ = {isa = PBXBuildFile; fileRef = 57F4FD87F6F54989CF1866EA /* SurfacesTests.swift */; };
		39FCA6D97086FE9B0A2BB252 /* DropView.swift in Sources */ = {isa = PBXBuildFile; fileRef = 58B8862F0FA21CF7DC071671 /* DropView.swift */; };
		3B3396910AF411F656E42A22 /* ReplaceReportSheet.swift in Sources */ = {isa = PBXBuildFile; fileRef = 41D7F56DE70EBCCA19081766 /* ReplaceReportSheet.swift */; };
		3F9798C89BF9A650A6F5F4CD /* FailureNotifier.swift in Sources */ = {isa = PBXBuildFile; fileRef = C1D2ABAC985E95919E908B53 /* FailureNotifier.swift */; };
		3FF21C450F306C5FF7BEE330 /* SystemConfiguration.framework in Frameworks */ = {isa = PBXBuildFile; fileRef = 5E855E821FD66EF1537305B0 /* SystemConfiguration.framework */; };
		412483FF6640922BA1319165 /* ReplaceCopy.swift in Sources */ = {isa = PBXBuildFile; fileRef = 376EA33312BE31C560F89273 /* ReplaceCopy.swift */; };
		43084B8D4E83AA741E37ED90 /* FailureMappingTests.swift in Sources */ = {isa = PBXBuildFile; fileRef = FD631F47F1392AE5796FAC3D /* FailureMappingTests.swift */; };
		4357428D4CBBFB99481CA99C /* ProfileConfigurationSheet.swift in Sources */ = {isa = PBXBuildFile; fileRef = 23BAA2476B265EB039506C3B /* ProfileConfigurationSheet.swift */; };
		4465665E03BC198916CB20FD /* PacketTunnelProvider.swift in Sources */ = {isa = PBXBuildFile; fileRef = 9F7D913D6471B1A325F2359F /* PacketTunnelProvider.swift */; };
		472910CD517EFA79BA7A47FA /* PrivilegedInterface.swift in Sources */ = {isa = PBXBuildFile; fileRef = 0C8C37F94F76028963C3E687 /* PrivilegedInterface.swift */; };
		477D918355DB1F952D1C4FDC /* NetworkFactsReaderTests.swift in Sources */ = {isa = PBXBuildFile; fileRef = 4674E7479E5A804E7D093603 /* NetworkFactsReaderTests.swift */; };
		498C7B979E423FC1D1ED4617 /* FailureNoticeTests.swift in Sources */ = {isa = PBXBuildFile; fileRef = 962FFB35529700DA512C13A4 /* FailureNoticeTests.swift */; };
		4AD968F1B3929DEFF25C26E0 /* OpenVPNPhases.swift in Sources */ = {isa = PBXBuildFile; fileRef = 3C272E4AD0B0F8E346C08845 /* OpenVPNPhases.swift */; };
		4B47A2A4E2892EBCEB09A5F6 /* DiagnosticsStore.swift in Sources */ = {isa = PBXBuildFile; fileRef = 2AF44C54C60E6F5CDD8ECAD0 /* DiagnosticsStore.swift */; };
		4D78EEA5FE37B5814C55C253 /* libVPNPlusEngine.a in Frameworks */ = {isa = PBXBuildFile; fileRef = 5FBDBC35E7CE4C4696A7A964 /* libVPNPlusEngine.a */; };
		4EAC358FF6446C257B8D135E /* ColourTests.swift in Sources */ = {isa = PBXBuildFile; fileRef = 3DD2D66D9BCAE759E241F3D2 /* ColourTests.swift */; };
		5160165F03B03582C20F8B45 /* PrivilegedClient.swift in Sources */ = {isa = PBXBuildFile; fileRef = CA3DDF22608AF05265B0B92A /* PrivilegedClient.swift */; };
		532CDBC5E7E3EE3443915A60 /* DiagnosticsExport.swift in Sources */ = {isa = PBXBuildFile; fileRef = A1FF8173104FC29D9BD0AE52 /* DiagnosticsExport.swift */; };
		54875A1269A09B24FDEA19F3 /* UserNotifications.framework in Frameworks */ = {isa = PBXBuildFile; fileRef = 1F31CF38D8EF4365E9387B51 /* UserNotifications.framework */; };
		5C204AEC04C0A81517D938A9 /* Localizable.xcstrings in Resources */ = {isa = PBXBuildFile; fileRef = 597146994213AB10C2858937 /* Localizable.xcstrings */; };
		60B41A883578D99B0ED546C2 /* RunTests.swift in Sources */ = {isa = PBXBuildFile; fileRef = 20028CE67B99ED88EE431F26 /* RunTests.swift */; };
		613CF72E53C9596BA08A027D /* PromotedRegionView.swift in Sources */ = {isa = PBXBuildFile; fileRef = DB24DE94E2E4956D50D38ACE /* PromotedRegionView.swift */; };
		670486E9B6F1F1B1AABD1056 /* OpenVPNPhases.swift in Sources */ = {isa = PBXBuildFile; fileRef = 3C272E4AD0B0F8E346C08845 /* OpenVPNPhases.swift */; };
		68191F02E017D0143A1BD2EF /* FailureCopyTests.swift in Sources */ = {isa = PBXBuildFile; fileRef = B662ACFBFBA20C9F7EFCA673 /* FailureCopyTests.swift */; };
		6953F45DE689F82B1930AA59 /* SpikeTests.swift in Sources */ = {isa = PBXBuildFile; fileRef = B255534845782913BEE522FC /* SpikeTests.swift */; };
		6C51C48E20E2916D8F16FDC1 /* SystemConfiguration.framework in Frameworks */ = {isa = PBXBuildFile; fileRef = 5E855E821FD66EF1537305B0 /* SystemConfiguration.framework */; };
		6F55BC42BCD8788D1FEAF1EF /* DiagnosticsCopy.swift in Sources */ = {isa = PBXBuildFile; fileRef = 2153A4C5055651DD69243B27 /* DiagnosticsCopy.swift */; };
		71A14BA081B203667F6C3C65 /* NetworkFactsReader.swift in Sources */ = {isa = PBXBuildFile; fileRef = A9B2A016A257BF9339FBFA19 /* NetworkFactsReader.swift */; };
		7461A8E7EE6C2E3FF1641A00 /* FailureNotice.swift in Sources */ = {isa = PBXBuildFile; fileRef = 75E9B549A3A4D818B3183CD6 /* FailureNotice.swift */; };
		7676B0812A5C4D64B97AC9DA /* MainWindowController.swift in Sources */ = {isa = PBXBuildFile; fileRef = 9CD75F5958AB78A8340EB4A4 /* MainWindowController.swift */; };
		782BD79CDD01420B55242089 /* NetworkFactsReader.swift in Sources */ = {isa = PBXBuildFile; fileRef = A9B2A016A257BF9339FBFA19 /* NetworkFactsReader.swift */; };
		784F3BD0C9BA6C24ED194D95 /* SettingsCard.swift in Sources */ = {isa = PBXBuildFile; fileRef = 53DBF7460C16F2830ACA47DA /* SettingsCard.swift */; };
		78A892EEA3E7C7ABFACD60E5 /* NetworkExtension.framework in Frameworks */ = {isa = PBXBuildFile; fileRef = FA1E04DC0D4A5A19A907C8A0 /* NetworkExtension.framework */; };
		7B961AB53C94B83E4F8A6803 /* SignInSheet.swift in Sources */ = {isa = PBXBuildFile; fileRef = FE52193C4C71A050E1060DC7 /* SignInSheet.swift */; };
		7BC3710E15711D0F3934D85F /* DefaultRoute.swift in Sources */ = {isa = PBXBuildFile; fileRef = 7844AE8ED2B87BCA3B61940C /* DefaultRoute.swift */; };
		7F0560F6228F685A72CFAA58 /* ImportMessage.swift in Sources */ = {isa = PBXBuildFile; fileRef = B5E1663DC8DD11E37C655963 /* ImportMessage.swift */; };
		814962226D1A7311A0354666 /* IOKit.framework in Frameworks */ = {isa = PBXBuildFile; fileRef = 10BC1655F49A221682EA0E4A /* IOKit.framework */; };
		82C53ED98D65C0DD3F513181 /* TestFixtures.swift in Sources */ = {isa = PBXBuildFile; fileRef = 3CBF178DBF0AF1CAED795117 /* TestFixtures.swift */; };
		83E3953305F2F7EC19BAB369 /* OpenVPNFailures.swift in Sources */ = {isa = PBXBuildFile; fileRef = 4A00673A62DFD2E34E00EC01 /* OpenVPNFailures.swift */; };
		85A69E9C05C3C6BDEFDE6966 /* SystemConfiguration.framework in Frameworks */ = {isa = PBXBuildFile; fileRef = 5E855E821FD66EF1537305B0 /* SystemConfiguration.framework */; };
		8981E9BE5E5FD541C58CC2F1 /* PhaseLabels.swift in Sources */ = {isa = PBXBuildFile; fileRef = 647C8572875DE2E4455B46E1 /* PhaseLabels.swift */; };
		8B6E7B8FF4513EF84DE7B55F /* Engine.swift in Sources */ = {isa = PBXBuildFile; fileRef = 43BD04530C7322F12A73C014 /* Engine.swift */; };
		8C562D94087FF132862E5B84 /* SetupCopyTests.swift in Sources */ = {isa = PBXBuildFile; fileRef = 302A71E65FD01AA5BEEFE23E /* SetupCopyTests.swift */; };
		919F30053FD246BACAC7AB1E /* IOKit.framework in Frameworks */ = {isa = PBXBuildFile; fileRef = 10BC1655F49A221682EA0E4A /* IOKit.framework */; };
		92EBC36E033F0AABFCEFC337 /* libc++.tbd in Frameworks */ = {isa = PBXBuildFile; fileRef = DFB57BBBCF629E49A6B82483 /* libc++.tbd */; };
		9466E3AE2DF4F66C07852560 /* Fixtures.swift in Sources */ = {isa = PBXBuildFile; fileRef = 143CE7958B1F2D79F4D4B272 /* Fixtures.swift */; };
		95BBBA9AD07BC3A23914D6D5 /* ServiceManagement.framework in Frameworks */ = {isa = PBXBuildFile; fileRef = CA61D2EF684BB0FB0BF12A64 /* ServiceManagement.framework */; };
		9AE19D99788D00C9F3D93275 /* Redaction.swift in Sources */ = {isa = PBXBuildFile; fileRef = 78465DC02DD9E2EF9A28C78E /* Redaction.swift */; };
		9B437588A0CD6D989C601D25 /* PrivilegedInterface.swift in Sources */ = {isa = PBXBuildFile; fileRef = 0C8C37F94F76028963C3E687 /* PrivilegedInterface.swift */; };
		9B8036D11DDF75D6F5D9D716 /* CHANGELOG.md in Resources */ = {isa = PBXBuildFile; fileRef = 69DCF622FBBFDF66F64BFA69 /* CHANGELOG.md */; };
		9C0203F098216AE9CFAEC3A2 /* SetupFlow.swift in Sources */ = {isa = PBXBuildFile; fileRef = C76D22463B70D1161646FC8E /* SetupFlow.swift */; };
		9E2E4AAA7C9C5DC288275424 /* VPNPlusCore in Frameworks */ = {isa = PBXBuildFile; productRef = 3D2D5714DD1249014A1B7218 /* VPNPlusCore */; };
		9EA526DD14193C5BD8B02281 /* DiagnosticsExportTests.swift in Sources */ = {isa = PBXBuildFile; fileRef = 0B9C0D8B239DD61BBE192732 /* DiagnosticsExportTests.swift */; };
		9FB9278F96A9D8B4D6944321 /* TunnelReport.swift in Sources */ = {isa = PBXBuildFile; fileRef = D5278224C6E252321C6BC566 /* TunnelReport.swift */; };
		A0CD636AC8C8E623ACAA29B3 /* TunnelReport.swift in Sources */ = {isa = PBXBuildFile; fileRef = D5278224C6E252321C6BC566 /* TunnelReport.swift */; };
		A86A7F0E44843C0CD7875969 /* VPNPlusEngine.h in CopyFiles */ = {isa = PBXBuildFile; fileRef = 208361D78664FDC72939DDB7 /* VPNPlusEngine.h */; };
		ABA5051965CC42ED02B9A243 /* Sparkle in Frameworks */ = {isa = PBXBuildFile; productRef = 17FDEEEBA7AFEA2265FD7E8B /* Sparkle */; };
		AD4441E7CB90528D9E3D4B21 /* Redaction.swift in Sources */ = {isa = PBXBuildFile; fileRef = 78465DC02DD9E2EF9A28C78E /* Redaction.swift */; };
		ADE17859AF1ADC4A3AD45A2C /* ExternalPKIHelper.c in Sources */ = {isa = PBXBuildFile; fileRef = 92FA759A42A5B4F74D866FC1 /* ExternalPKIHelper.c */; };
		AE0CEAB3F9761DEA753E0464 /* Updater.swift in Sources */ = {isa = PBXBuildFile; fileRef = 32D4BDD65926A9573DA4BC40 /* Updater.swift */; };
		AFC9D77610261CD7EE9D3BD7 /* CoreServices.framework in Frameworks */ = {isa = PBXBuildFile; fileRef = 7ED01D1888C03F68BC162FA3 /* CoreServices.framework */; };
		B024190D8EAE53657644AA66 /* CoreFoundation.framework in Frameworks */ = {isa = PBXBuildFile; fileRef = 13133B04CBB3D94810E7E1E6 /* CoreFoundation.framework */; };
		B0A5484AF7330166A0FD3D60 /* libc++.tbd in Frameworks */ = {isa = PBXBuildFile; fileRef = DFB57BBBCF629E49A6B82483 /* libc++.tbd */; };
		B0D49956A9EA1608BC91854F /* CoreServices.framework in Frameworks */ = {isa = PBXBuildFile; fileRef = 7ED01D1888C03F68BC162FA3 /* CoreServices.framework */; };
		B2219009247618BEAB2B04BB /* FailureNotice.swift in Sources */ = {isa = PBXBuildFile; fileRef = 75E9B549A3A4D818B3183CD6 /* FailureNotice.swift */; };
		B38412B2647409B966CAB445 /* FailureCopy.swift in Sources */ = {isa = PBXBuildFile; fileRef = 749C613E0DE74BE7DE505D14 /* FailureCopy.swift */; };
		B59E50A251B8258756686E83 /* libc++.tbd in Frameworks */ = {isa = PBXBuildFile; fileRef = DFB57BBBCF629E49A6B82483 /* libc++.tbd */; };
		B790F78B99F5FC5B95DBECE8 /* TunnelReport.swift in Sources */ = {isa = PBXBuildFile; fileRef = D5278224C6E252321C6BC566 /* TunnelReport.swift */; };
		BBD7B9F59959E6774453CDB0 /* ImportTests.swift in Sources */ = {isa = PBXBuildFile; fileRef = A4591F96BB06385D5B65656E /* ImportTests.swift */; };
		BBF0F700AD1BD255B47BCBBD /* UTunDescriptor.swift in Sources */ = {isa = PBXBuildFile; fileRef = FD215D4E502C05C555F67321 /* UTunDescriptor.swift */; };
		BDA32AE7813F341251CE2C37 /* DiagnosticsCopy.swift in Sources */ = {isa = PBXBuildFile; fileRef = 2153A4C5055651DD69243B27 /* DiagnosticsCopy.swift */; };
		BDB5CA7CF6E6A0F2F6162B6A /* ProfileCardView.swift in Sources */ = {isa = PBXBuildFile; fileRef = 70E018DD83B0C52B110C2B16 /* ProfileCardView.swift */; };
		BF7C07B4C234E62260797A99 /* SystemConfiguration.framework in Frameworks */ = {isa = PBXBuildFile; fileRef = 5E855E821FD66EF1537305B0 /* SystemConfiguration.framework */; };
		BFCAA475A578BCD7896AB3C0 /* Changelog.swift in Sources */ = {isa = PBXBuildFile; fileRef = E738659C9B4C1C016C2F606B /* Changelog.swift */; };
		C0D83B28313952C35DEA40B0 /* ProfileImport.swift in Sources */ = {isa = PBXBuildFile; fileRef = AD459008A5079558FEE30141 /* ProfileImport.swift */; };
		C1226F0EFBDF100E3743DDAB /* PrivilegedInterface.swift in Sources */ = {isa = PBXBuildFile; fileRef = 0C8C37F94F76028963C3E687 /* PrivilegedInterface.swift */; };
		C343D74C3EFCEE7623AA2BC0 /* VPNPlusCore in Frameworks */ = {isa = PBXBuildFile; productRef = 8851D5D8871024EEBE79BE1D /* VPNPlusCore */; };
		C401EF4DB9265005338A59C5 /* ProfileImporter.swift in Sources */ = {isa = PBXBuildFile; fileRef = 78598EE5564F61AE94D4B153 /* ProfileImporter.swift */; };
		C527C40702DAFCFEBA258BC5 /* UpdateCopyTests.swift in Sources */ = {isa = PBXBuildFile; fileRef = 4B0528008B2451F02A43B719 /* UpdateCopyTests.swift */; };
		C6716E14E5C3A172D2A0C975 /* DiagnosticsSheet.swift in Sources */ = {isa = PBXBuildFile; fileRef = 134740794902FEB890D469CE /* DiagnosticsSheet.swift */; };
		C799B621B422ACB497FC0FDF /* CoreServices.framework in Frameworks */ = {isa = PBXBuildFile; fileRef = 7ED01D1888C03F68BC162FA3 /* CoreServices.framework */; };
		C79DCB232F97FE60A0C61EE1 /* main.swift in Sources */ = {isa = PBXBuildFile; fileRef = 0249DBE000CCC1904590F222 /* main.swift */; };
		C7EECD2776988F15EFB8617A /* PrivilegedInterface.swift in Sources */ = {isa = PBXBuildFile; fileRef = 0C8C37F94F76028963C3E687 /* PrivilegedInterface.swift */; };
		C9D233B7B9A77D93D059BB64 /* LanguageSweepTests.swift in Sources */ = {isa = PBXBuildFile; fileRef = 8EC569903FCFD56D0311450E /* LanguageSweepTests.swift */; };
		CBBC167801A60682B985D0D5 /* Redaction.swift in Sources */ = {isa = PBXBuildFile; fileRef = 78465DC02DD9E2EF9A28C78E /* Redaction.swift */; };
		CCD8A54D48B861FE5AB01B30 /* CoreFoundation.framework in Frameworks */ = {isa = PBXBuildFile; fileRef = 13133B04CBB3D94810E7E1E6 /* CoreFoundation.framework */; };
		CCF814AD83E789107066C510 /* ProfileStorage.swift in Sources */ = {isa = PBXBuildFile; fileRef = 4B4A4F17AAADBDA419BA9006 /* ProfileStorage.swift */; };
		D547BAF5DF36F7768CC0271E /* VPNPlusCore in Frameworks */ = {isa = PBXBuildFile; productRef = E5AD49E779DF062A87D93C4D /* VPNPlusCore */; };
		D567631A9E4E841EF5C19DD2 /* RedactionTests.swift in Sources */ = {isa = PBXBuildFile; fileRef = 9D45C9B5991CC9DE3A8A581D /* RedactionTests.swift */; };
		D6233C9C2F5338664608BA4C /* AutoLayout.swift in Sources */ = {isa = PBXBuildFile; fileRef = 53B8DADE87564AFDA3C8B3CC /* AutoLayout.swift */; };
		D8289FB3F69BAF1882C7FED9 /* KeyboardTests.swift in Sources */ = {isa = PBXBuildFile; fileRef = A86E5A19B25717E8817078ED /* KeyboardTests.swift */; };
		DD1118C0F8E834F09160946A /* InstallLocation.swift in Sources */ = {isa = PBXBuildFile; fileRef = 014171C7BC3E81B7ACFD6DA1 /* InstallLocation.swift */; };
		DEC7730B30484F284E6EBBE6 /* SetupCopy.swift in Sources */ = {isa = PBXBuildFile; fileRef = 2D5B80E157B8033FE601F567 /* SetupCopy.swift */; };
		E07A107241DDC403F27A17FB /* EngineShim.cpp in Sources */ = {isa = PBXBuildFile; fileRef = 05D57C00265B12AEF250D992 /* EngineShim.cpp */; };
		E2F33946C157375B6BD9314B /* ReadmeShotsTests.swift in Sources */ = {isa = PBXBuildFile; fileRef = 369A0E488E9287B508CDE54E /* ReadmeShotsTests.swift */; };
		E331C45DCD7FC398D5538B6F /* TunnelController.swift in Sources */ = {isa = PBXBuildFile; fileRef = A0C0DB62A25CADB2DFD5CB5F /* TunnelController.swift */; };
		E3A3779B05540B21EA5EEDD4 /* IOKit.framework in Frameworks */ = {isa = PBXBuildFile; fileRef = 10BC1655F49A221682EA0E4A /* IOKit.framework */; };
		E49A90E618461145DD478766 /* SystemConfiguration.framework in Frameworks */ = {isa = PBXBuildFile; fileRef = 5E855E821FD66EF1537305B0 /* SystemConfiguration.framework */; };
		E58868C8BBA2EBBC1966B0D5 /* OpenVPNFailures.swift in Sources */ = {isa = PBXBuildFile; fileRef = 4A00673A62DFD2E34E00EC01 /* OpenVPNFailures.swift */; };
		E7EFABAFC5AD2970076D5A5D /* UpdateCopy.swift in Sources */ = {isa = PBXBuildFile; fileRef = 07CF1A66CB33E50A224DEE82 /* UpdateCopy.swift */; };
		E9524772DAE74D18F8FA22D3 /* ExternalPKIProvider.c in Sources */ = {isa = PBXBuildFile; fileRef = 7D9F25F622C28F83185D923E /* ExternalPKIProvider.c */; };
		EA742C4B3EFF74AA5E55DBF5 /* Tokens.swift in Sources */ = {isa = PBXBuildFile; fileRef = AFF5ECC43D8D8506CFE89AE3 /* Tokens.swift */; };
		ED9586F2D97B6D1978875D4F /* SettingsWindowController.swift in Sources */ = {isa = PBXBuildFile; fileRef = 48D72C8040E7EB9A068E6CAB /* SettingsWindowController.swift */; };
		F04A1FC378DEF985AD56FBCA /* AccessibilityID.swift in Sources */ = {isa = PBXBuildFile; fileRef = D0D131FA481054644CB4F1F7 /* AccessibilityID.swift */; };
		F382E1E2F891FA84870B4CAD /* PrivilegedService.swift in Sources */ = {isa = PBXBuildFile; fileRef = AC5C29758341AED992D06D2D /* PrivilegedService.swift */; };
		F386742D4DE0B18D3546E05E /* NetworkFactsReader.swift in Sources */ = {isa = PBXBuildFile; fileRef = A9B2A016A257BF9339FBFA19 /* NetworkFactsReader.swift */; };
		F3BB3E71A32F37960150D401 /* TunnelReport.swift in Sources */ = {isa = PBXBuildFile; fileRef = D5278224C6E252321C6BC566 /* TunnelReport.swift */; };
		F3D8537875A2078671EC2399 /* AppSettings.swift in Sources */ = {isa = PBXBuildFile; fileRef = BB8F03B21DA449466725EAD6 /* AppSettings.swift */; };
		F46038638D5D288A3A345A24 /* FailureCopy.swift in Sources */ = {isa = PBXBuildFile; fileRef = 749C613E0DE74BE7DE505D14 /* FailureCopy.swift */; };
		F4808618DD2930504319912A /* OpenVPNPhases.swift in Sources */ = {isa = PBXBuildFile; fileRef = 3C272E4AD0B0F8E346C08845 /* OpenVPNPhases.swift */; };
		F5EEC0BAB4BD07488521CB11 /* SetupCopy.swift in Sources */ = {isa = PBXBuildFile; fileRef = 2D5B80E157B8033FE601F567 /* SetupCopy.swift */; };
		F623E92317EDD5151F1B9CCF /* UpdateCopy.swift in Sources */ = {isa = PBXBuildFile; fileRef = 07CF1A66CB33E50A224DEE82 /* UpdateCopy.swift */; };
		F64A61D5CE7869C384FC5CFA /* ClickOnlyBugsTests.swift in Sources */ = {isa = PBXBuildFile; fileRef = 067F834456B90B553F9C62F3 /* ClickOnlyBugsTests.swift */; };
		F87C7542792D4E115557BF22 /* Relaunch.swift in Sources */ = {isa = PBXBuildFile; fileRef = 87036C32513D26DEDC05FC4D /* Relaunch.swift */; };
		FB556FCAF7D5B786F0EE4F22 /* ExtensionInstaller.swift in Sources */ = {isa = PBXBuildFile; fileRef = C535D99BB8588E6A6E0F467E /* ExtensionInstaller.swift */; };
		FDC5E5B2F51D9BACD256037D /* ProfileCatalogue.swift in Sources */ = {isa = PBXBuildFile; fileRef = CEBFF959B90678044D60D0AA /* ProfileCatalogue.swift */; };
		FE3381B49CD9666D98F63824 /* CardGridView.swift in Sources */ = {isa = PBXBuildFile; fileRef = CC7D701DCB81C31777EE7880 /* CardGridView.swift */; };
/* End PBXBuildFile section */

/* Begin PBXContainerItemProxy section */
		5C7B3DD03327847977D6613A /* PBXContainerItemProxy */ = {
			isa = PBXContainerItemProxy;
			containerPortal = E47F33744BEA266A851D4ACF /* Project object */;
			proxyType = 1;
			remoteGlobalIDString = 092C61A58472478440E1F559;
			remoteInfo = VPNPlusEngine;
		};
		781B7ABB3BB425B18E9DD438 /* PBXContainerItemProxy */ = {
			isa = PBXContainerItemProxy;
			containerPortal = E47F33744BEA266A851D4ACF /* Project object */;
			proxyType = 1;
			remoteGlobalIDString = 092C61A58472478440E1F559;
			remoteInfo = VPNPlusEngine;
		};
		A90E033F620DC89AE7582ABA /* PBXContainerItemProxy */ = {
			isa = PBXContainerItemProxy;
			containerPortal = E47F33744BEA266A851D4ACF /* Project object */;
			proxyType = 1;
			remoteGlobalIDString = 092C61A58472478440E1F559;
			remoteInfo = VPNPlusEngine;
		};
		BA372A28EB6E378ED1FB8641 /* PBXContainerItemProxy */ = {
			isa = PBXContainerItemProxy;
			containerPortal = E47F33744BEA266A851D4ACF /* Project object */;
			proxyType = 1;
			remoteGlobalIDString = 041D75C00EAD791F9BCEB16D;
			remoteInfo = VPNPlus;
		};
		FA78D4811EC7E27728A11083 /* PBXContainerItemProxy */ = {
			isa = PBXContainerItemProxy;
			containerPortal = E47F33744BEA266A851D4ACF /* Project object */;
			proxyType = 1;
			remoteGlobalIDString = D74754BC20B5DA89542F5CD1;
			remoteInfo = VPNPlusTunnel;
		};
/* End PBXContainerItemProxy section */

/* Begin PBXCopyFilesBuildPhase section */
		50ED11D646505A1426320713 /* CopyFiles */ = {
			isa = PBXCopyFilesBuildPhase;
			buildActionMask = 2147483647;
			dstPath = "include/$(PRODUCT_NAME)";
			dstSubfolderSpec = 16;
			files = (
				A86A7F0E44843C0CD7875969 /* VPNPlusEngine.h in CopyFiles */,
			);
			runOnlyForDeploymentPostprocessing = 0;
		};
		EF3E76D93EA08B95A13CBDB2 /* Embed System Extensions */ = {
			isa = PBXCopyFilesBuildPhase;
			buildActionMask = 2147483647;
			dstPath = "$(SYSTEM_EXTENSIONS_FOLDER_PATH)";
			dstSubfolderSpec = 16;
			files = (
				00BFD1E10B4560AA9E984429 /* VPNPlusTunnel.systemextension in Embed System Extensions */,
			);
			name = "Embed System Extensions";
			runOnlyForDeploymentPostprocessing = 0;
		};
/* End PBXCopyFilesBuildPhase section */

/* Begin PBXFileReference section */
		014171C7BC3E81B7ACFD6DA1 /* InstallLocation.swift */ = {isa = PBXFileReference; lastKnownFileType = sourcecode.swift; path = InstallLocation.swift; sourceTree = "<group>"; };
		0249DBE000CCC1904590F222 /* main.swift */ = {isa = PBXFileReference; lastKnownFileType = sourcecode.swift; path = main.swift; sourceTree = "<group>"; };
		042037E0B22859B737C16618 /* Credits.html */ = {isa = PBXFileReference; lastKnownFileType = text.html; path = Credits.html; sourceTree = "<group>"; };
		04CAFB64BEF242A0C35DF78D /* MessageSheet.swift */ = {isa = PBXFileReference; lastKnownFileType = sourcecode.swift; path = MessageSheet.swift; sourceTree = "<group>"; };
		05D57C00265B12AEF250D992 /* EngineShim.cpp */ = {isa = PBXFileReference; lastKnownFileType = sourcecode.cpp.cpp; path = EngineShim.cpp; sourceTree = "<group>"; };
		067F834456B90B553F9C62F3 /* ClickOnlyBugsTests.swift */ = {isa = PBXFileReference; lastKnownFileType = sourcecode.swift; path = ClickOnlyBugsTests.swift; sourceTree = "<group>"; };
		07CF1A66CB33E50A224DEE82 /* UpdateCopy.swift */ = {isa = PBXFileReference; lastKnownFileType = sourcecode.swift; path = UpdateCopy.swift; sourceTree = "<group>"; };
		098726CF87659388D4A4CFD0 /* VPNPlusSharedTests.xctest */ = {isa = PBXFileReference; explicitFileType = wrapper.cfbundle; includeInIndex = 0; path = VPNPlusSharedTests.xctest; sourceTree = BUILT_PRODUCTS_DIR; };
		0B9C0D8B239DD61BBE192732 /* DiagnosticsExportTests.swift */ = {isa = PBXFileReference; lastKnownFileType = sourcecode.swift; path = DiagnosticsExportTests.swift; sourceTree = "<group>"; };
		0C8C37F94F76028963C3E687 /* PrivilegedInterface.swift */ = {isa = PBXFileReference; lastKnownFileType = sourcecode.swift; path = PrivilegedInterface.swift; sourceTree = "<group>"; };
		10BC1655F49A221682EA0E4A /* IOKit.framework */ = {isa = PBXFileReference; lastKnownFileType = wrapper.framework; name = IOKit.framework; path = System/Library/Frameworks/IOKit.framework; sourceTree = SDKROOT; };
		13133B04CBB3D94810E7E1E6 /* CoreFoundation.framework */ = {isa = PBXFileReference; lastKnownFileType = wrapper.framework; name = CoreFoundation.framework; path = System/Library/Frameworks/CoreFoundation.framework; sourceTree = SDKROOT; };
		134740794902FEB890D469CE /* DiagnosticsSheet.swift */ = {isa = PBXFileReference; lastKnownFileType = sourcecode.swift; path = DiagnosticsSheet.swift; sourceTree = "<group>"; };
		143CE7958B1F2D79F4D4B272 /* Fixtures.swift */ = {isa = PBXFileReference; lastKnownFileType = sourcecode.swift; path = Fixtures.swift; sourceTree = "<group>"; };
		1F31CF38D8EF4365E9387B51 /* UserNotifications.framework */ = {isa = PBXFileReference; lastKnownFileType = wrapper.framework; name = UserNotifications.framework; path = System/Library/Frameworks/UserNotifications.framework; sourceTree = SDKROOT; };
		20028CE67B99ED88EE431F26 /* RunTests.swift */ = {isa = PBXFileReference; lastKnownFileType = sourcecode.swift; path = RunTests.swift; sourceTree = "<group>"; };
		208361D78664FDC72939DDB7 /* VPNPlusEngine.h */ = {isa = PBXFileReference; lastKnownFileType = sourcecode.c.h; path = VPNPlusEngine.h; sourceTree = "<group>"; };
		2153A4C5055651DD69243B27 /* DiagnosticsCopy.swift */ = {isa = PBXFileReference; lastKnownFileType = sourcecode.swift; path = DiagnosticsCopy.swift; sourceTree = "<group>"; };
		23BAA2476B265EB039506C3B /* ProfileConfigurationSheet.swift */ = {isa = PBXFileReference; lastKnownFileType = sourcecode.swift; path = ProfileConfigurationSheet.swift; sourceTree = "<group>"; };
		2455A69E951DCA668094ABA2 /* VPNPlusEngineTests-Bridging-Header.h */ = {isa = PBXFileReference; lastKnownFileType = sourcecode.c.h; path = "VPNPlusEngineTests-Bridging-Header.h"; sourceTree = "<group>"; };
		2AF44C54C60E6F5CDD8ECAD0 /* DiagnosticsStore.swift */ = {isa = PBXFileReference; lastKnownFileType = sourcecode.swift; path = DiagnosticsStore.swift; sourceTree = "<group>"; };
		2D5B80E157B8033FE601F567 /* SetupCopy.swift */ = {isa = PBXFileReference; lastKnownFileType = sourcecode.swift; path = SetupCopy.swift; sourceTree = "<group>"; };
		302A71E65FD01AA5BEEFE23E /* SetupCopyTests.swift */ = {isa = PBXFileReference; lastKnownFileType = sourcecode.swift; path = SetupCopyTests.swift; sourceTree = "<group>"; };
		3243C7C4801A590F62E64B6E /* VPNPlusAppTests.xctest */ = {isa = PBXFileReference; explicitFileType = wrapper.cfbundle; includeInIndex = 0; path = VPNPlusAppTests.xctest; sourceTree = BUILT_PRODUCTS_DIR; };
		32D4BDD65926A9573DA4BC40 /* Updater.swift */ = {isa = PBXFileReference; lastKnownFileType = sourcecode.swift; path = Updater.swift; sourceTree = "<group>"; };
		369A0E488E9287B508CDE54E /* ReadmeShotsTests.swift */ = {isa = PBXFileReference; lastKnownFileType = sourcecode.swift; path = ReadmeShotsTests.swift; sourceTree = "<group>"; };
		376EA33312BE31C560F89273 /* ReplaceCopy.swift */ = {isa = PBXFileReference; lastKnownFileType = sourcecode.swift; path = ReplaceCopy.swift; sourceTree = "<group>"; };
		3C272E4AD0B0F8E346C08845 /* OpenVPNPhases.swift */ = {isa = PBXFileReference; lastKnownFileType = sourcecode.swift; path = OpenVPNPhases.swift; sourceTree = "<group>"; };
		3CBF178DBF0AF1CAED795117 /* TestFixtures.swift */ = {isa = PBXFileReference; lastKnownFileType = sourcecode.swift; path = TestFixtures.swift; sourceTree = "<group>"; };
		3DD2D66D9BCAE759E241F3D2 /* ColourTests.swift */ = {isa = PBXFileReference; lastKnownFileType = sourcecode.swift; path = ColourTests.swift; sourceTree = "<group>"; };
		3EE7FB96CCF503AA5008C88B /* VPNPlusCore */ = {isa = PBXFileReference; lastKnownFileType = folder; name = VPNPlusCore; path = Packages/VPNPlusCore; sourceTree = SOURCE_ROOT; };
		41D7F56DE70EBCCA19081766 /* ReplaceReportSheet.swift */ = {isa = PBXFileReference; lastKnownFileType = sourcecode.swift; path = ReplaceReportSheet.swift; sourceTree = "<group>"; };
		43BD04530C7322F12A73C014 /* Engine.swift */ = {isa = PBXFileReference; lastKnownFileType = sourcecode.swift; path = Engine.swift; sourceTree = "<group>"; };
		4674E7479E5A804E7D093603 /* NetworkFactsReaderTests.swift */ = {isa = PBXFileReference; lastKnownFileType = sourcecode.swift; path = NetworkFactsReaderTests.swift; sourceTree = "<group>"; };
		48D72C8040E7EB9A068E6CAB /* SettingsWindowController.swift */ = {isa = PBXFileReference; lastKnownFileType = sourcecode.swift; path = SettingsWindowController.swift; sourceTree = "<group>"; };
		4A00673A62DFD2E34E00EC01 /* OpenVPNFailures.swift */ = {isa = PBXFileReference; lastKnownFileType = sourcecode.swift; path = OpenVPNFailures.swift; sourceTree = "<group>"; };
		4B0528008B2451F02A43B719 /* UpdateCopyTests.swift */ = {isa = PBXFileReference; lastKnownFileType = sourcecode.swift; path = UpdateCopyTests.swift; sourceTree = "<group>"; };
		4B4A4F17AAADBDA419BA9006 /* ProfileStorage.swift */ = {isa = PBXFileReference; lastKnownFileType = sourcecode.swift; path = ProfileStorage.swift; sourceTree = "<group>"; };
		53B8DADE87564AFDA3C8B3CC /* AutoLayout.swift */ = {isa = PBXFileReference; lastKnownFileType = sourcecode.swift; path = AutoLayout.swift; sourceTree = "<group>"; };
		53DBF7460C16F2830ACA47DA /* SettingsCard.swift */ = {isa = PBXFileReference; lastKnownFileType = sourcecode.swift; path = SettingsCard.swift; sourceTree = "<group>"; };
		57F4FD87F6F54989CF1866EA /* SurfacesTests.swift */ = {isa = PBXFileReference; lastKnownFileType = sourcecode.swift; path = SurfacesTests.swift; sourceTree = "<group>"; };
		58B8862F0FA21CF7DC071671 /* DropView.swift */ = {isa = PBXFileReference; lastKnownFileType = sourcecode.swift; path = DropView.swift; sourceTree = "<group>"; };
		597146994213AB10C2858937 /* Localizable.xcstrings */ = {isa = PBXFileReference; lastKnownFileType = text.json.xcstrings; path = Localizable.xcstrings; sourceTree = "<group>"; };
		59815D05337FE5458380DE49 /* Rehearsal.swift */ = {isa = PBXFileReference; lastKnownFileType = sourcecode.swift; path = Rehearsal.swift; sourceTree = "<group>"; };
		5C891AFB48AF4ED86888CD08 /* VPNPlusTunnel.systemextension */ = {isa = PBXFileReference; explicitFileType = "wrapper.system-extension"; includeInIndex = 0; path = VPNPlusTunnel.systemextension; sourceTree = BUILT_PRODUCTS_DIR; };
		5E855E821FD66EF1537305B0 /* SystemConfiguration.framework */ = {isa = PBXFileReference; lastKnownFileType = wrapper.framework; name = SystemConfiguration.framework; path = System/Library/Frameworks/SystemConfiguration.framework; sourceTree = SDKROOT; };
		5FBDBC35E7CE4C4696A7A964 /* libVPNPlusEngine.a */ = {isa = PBXFileReference; explicitFileType = archive.ar; includeInIndex = 0; path = libVPNPlusEngine.a; sourceTree = BUILT_PRODUCTS_DIR; };
		647C8572875DE2E4455B46E1 /* PhaseLabels.swift */ = {isa = PBXFileReference; lastKnownFileType = sourcecode.swift; path = PhaseLabels.swift; sourceTree = "<group>"; };
		67880B91DCB8D05E7C902D9B /* VPNPlusEngineTests.xctest */ = {isa = PBXFileReference; explicitFileType = wrapper.cfbundle; includeInIndex = 0; path = VPNPlusEngineTests.xctest; sourceTree = BUILT_PRODUCTS_DIR; };
		69DCF622FBBFDF66F64BFA69 /* CHANGELOG.md */ = {isa = PBXFileReference; lastKnownFileType = net.daringfireball.markdown; path = CHANGELOG.md; sourceTree = "<group>"; };
		70E018DD83B0C52B110C2B16 /* ProfileCardView.swift */ = {isa = PBXFileReference; lastKnownFileType = sourcecode.swift; path = ProfileCardView.swift; sourceTree = "<group>"; };
		749C613E0DE74BE7DE505D14 /* FailureCopy.swift */ = {isa = PBXFileReference; lastKnownFileType = sourcecode.swift; path = FailureCopy.swift; sourceTree = "<group>"; };
		75E9B549A3A4D818B3183CD6 /* FailureNotice.swift */ = {isa = PBXFileReference; lastKnownFileType = sourcecode.swift; path = FailureNotice.swift; sourceTree = "<group>"; };
		7844AE8ED2B87BCA3B61940C /* DefaultRoute.swift */ = {isa = PBXFileReference; lastKnownFileType = sourcecode.swift; path = DefaultRoute.swift; sourceTree = "<group>"; };
		78465DC02DD9E2EF9A28C78E /* Redaction.swift */ = {isa = PBXFileReference; lastKnownFileType = sourcecode.swift; path = Redaction.swift; sourceTree = "<group>"; };
		78598EE5564F61AE94D4B153 /* ProfileImporter.swift */ = {isa = PBXFileReference; lastKnownFileType = sourcecode.swift; path = ProfileImporter.swift; sourceTree = "<group>"; };
		7902FE342F46EC63BBD69985 /* ValidateTests.swift */ = {isa = PBXFileReference; lastKnownFileType = sourcecode.swift; path = ValidateTests.swift; sourceTree = "<group>"; };
		7D909B6E7CA25FA69DB86615 /* GuidanceView.swift */ = {isa = PBXFileReference; lastKnownFileType = sourcecode.swift; path = GuidanceView.swift; sourceTree = "<group>"; };
		7D9F25F622C28F83185D923E /* ExternalPKIProvider.c */ = {isa = PBXFileReference; lastKnownFileType = sourcecode.c.c; path = ExternalPKIProvider.c; sourceTree = "<group>"; };
		7ED01D1888C03F68BC162FA3 /* CoreServices.framework */ = {isa = PBXFileReference; lastKnownFileType = wrapper.framework; name = CoreServices.framework; path = System/Library/Frameworks/CoreServices.framework; sourceTree = SDKROOT; };
		87036C32513D26DEDC05FC4D /* Relaunch.swift */ = {isa = PBXFileReference; lastKnownFileType = sourcecode.swift; path = Relaunch.swift; sourceTree = "<group>"; };
		8D29B2DFA2D5B14954AFC31F /* VPNPlus.app */ = {isa = PBXFileReference; explicitFileType = wrapper.application; includeInIndex = 0; path = VPNPlus.app; sourceTree = BUILT_PRODUCTS_DIR; };
		8EC569903FCFD56D0311450E /* LanguageSweepTests.swift */ = {isa = PBXFileReference; lastKnownFileType = sourcecode.swift; path = LanguageSweepTests.swift; sourceTree = "<group>"; };
		8FEE9E343B5527DF69A7C22D /* StatusItem.swift */ = {isa = PBXFileReference; lastKnownFileType = sourcecode.swift; path = StatusItem.swift; sourceTree = "<group>"; };
		92FA759A42A5B4F74D866FC1 /* ExternalPKIHelper.c */ = {isa = PBXFileReference; lastKnownFileType = sourcecode.c.c; path = ExternalPKIHelper.c; sourceTree = "<group>"; };
		962FFB35529700DA512C13A4 /* FailureNoticeTests.swift */ = {isa = PBXFileReference; lastKnownFileType = sourcecode.swift; path = FailureNoticeTests.swift; sourceTree = "<group>"; };
		9CD75F5958AB78A8340EB4A4 /* MainWindowController.swift */ = {isa = PBXFileReference; lastKnownFileType = sourcecode.swift; path = MainWindowController.swift; sourceTree = "<group>"; };
		9CDD25E6602DBB2C35764F2B /* VPNPlus-Bridging-Header.h */ = {isa = PBXFileReference; lastKnownFileType = sourcecode.c.h; path = "VPNPlus-Bridging-Header.h"; sourceTree = "<group>"; };
		9D45C9B5991CC9DE3A8A581D /* RedactionTests.swift */ = {isa = PBXFileReference; lastKnownFileType = sourcecode.swift; path = RedactionTests.swift; sourceTree = "<group>"; };
		9F7D913D6471B1A325F2359F /* PacketTunnelProvider.swift */ = {isa = PBXFileReference; lastKnownFileType = sourcecode.swift; path = PacketTunnelProvider.swift; sourceTree = "<group>"; };
		A0C0DB62A25CADB2DFD5CB5F /* TunnelController.swift */ = {isa = PBXFileReference; lastKnownFileType = sourcecode.swift; path = TunnelController.swift; sourceTree = "<group>"; };
		A1FF8173104FC29D9BD0AE52 /* DiagnosticsExport.swift */ = {isa = PBXFileReference; lastKnownFileType = sourcecode.swift; path = DiagnosticsExport.swift; sourceTree = "<group>"; };
		A4591F96BB06385D5B65656E /* ImportTests.swift */ = {isa = PBXFileReference; lastKnownFileType = sourcecode.swift; path = ImportTests.swift; sourceTree = "<group>"; };
		A86E5A19B25717E8817078ED /* KeyboardTests.swift */ = {isa = PBXFileReference; lastKnownFileType = sourcecode.swift; path = KeyboardTests.swift; sourceTree = "<group>"; };
		A9806695FB09FD87884728DB /* VPNPlusCopyTests.xctest */ = {isa = PBXFileReference; explicitFileType = wrapper.cfbundle; includeInIndex = 0; path = VPNPlusCopyTests.xctest; sourceTree = BUILT_PRODUCTS_DIR; };
		A9B2A016A257BF9339FBFA19 /* NetworkFactsReader.swift */ = {isa = PBXFileReference; lastKnownFileType = sourcecode.swift; path = NetworkFactsReader.swift; sourceTree = "<group>"; };
		AC5C29758341AED992D06D2D /* PrivilegedService.swift */ = {isa = PBXFileReference; lastKnownFileType = sourcecode.swift; path = PrivilegedService.swift; sourceTree = "<group>"; };
		AD459008A5079558FEE30141 /* ProfileImport.swift */ = {isa = PBXFileReference; lastKnownFileType = sourcecode.swift; path = ProfileImport.swift; sourceTree = "<group>"; };
		AFF5ECC43D8D8506CFE89AE3 /* Tokens.swift */ = {isa = PBXFileReference; lastKnownFileType = sourcecode.swift; path = Tokens.swift; sourceTree = "<group>"; };
		B255534845782913BEE522FC /* SpikeTests.swift */ = {isa = PBXFileReference; lastKnownFileType = sourcecode.swift; path = SpikeTests.swift; sourceTree = "<group>"; };
		B5E1663DC8DD11E37C655963 /* ImportMessage.swift */ = {isa = PBXFileReference; lastKnownFileType = sourcecode.swift; path = ImportMessage.swift; sourceTree = "<group>"; };
		B662ACFBFBA20C9F7EFCA673 /* FailureCopyTests.swift */ = {isa = PBXFileReference; lastKnownFileType = sourcecode.swift; path = FailureCopyTests.swift; sourceTree = "<group>"; };
		BB8F03B21DA449466725EAD6 /* AppSettings.swift */ = {isa = PBXFileReference; lastKnownFileType = sourcecode.swift; path = AppSettings.swift; sourceTree = "<group>"; };
		C1D2ABAC985E95919E908B53 /* FailureNotifier.swift */ = {isa = PBXFileReference; lastKnownFileType = sourcecode.swift; path = FailureNotifier.swift; sourceTree = "<group>"; };
		C493C5064E5F2932244C834C /* VPNPlusTunnel-Bridging-Header.h */ = {isa = PBXFileReference; lastKnownFileType = sourcecode.c.h; path = "VPNPlusTunnel-Bridging-Header.h"; sourceTree = "<group>"; };
		C535D99BB8588E6A6E0F467E /* ExtensionInstaller.swift */ = {isa = PBXFileReference; lastKnownFileType = sourcecode.swift; path = ExtensionInstaller.swift; sourceTree = "<group>"; };
		C76D22463B70D1161646FC8E /* SetupFlow.swift */ = {isa = PBXFileReference; lastKnownFileType = sourcecode.swift; path = SetupFlow.swift; sourceTree = "<group>"; };
		CA3DDF22608AF05265B0B92A /* PrivilegedClient.swift */ = {isa = PBXFileReference; lastKnownFileType = sourcecode.swift; path = PrivilegedClient.swift; sourceTree = "<group>"; };
		CA61D2EF684BB0FB0BF12A64 /* ServiceManagement.framework */ = {isa = PBXFileReference; lastKnownFileType = wrapper.framework; name = ServiceManagement.framework; path = System/Library/Frameworks/ServiceManagement.framework; sourceTree = SDKROOT; };
		CC7D701DCB81C31777EE7880 /* CardGridView.swift */ = {isa = PBXFileReference; lastKnownFileType = sourcecode.swift; path = CardGridView.swift; sourceTree = "<group>"; };
		CEBFF959B90678044D60D0AA /* ProfileCatalogue.swift */ = {isa = PBXFileReference; lastKnownFileType = sourcecode.swift; path = ProfileCatalogue.swift; sourceTree = "<group>"; };
		D0D131FA481054644CB4F1F7 /* AccessibilityID.swift */ = {isa = PBXFileReference; lastKnownFileType = sourcecode.swift; path = AccessibilityID.swift; sourceTree = "<group>"; };
		D5278224C6E252321C6BC566 /* TunnelReport.swift */ = {isa = PBXFileReference; lastKnownFileType = sourcecode.swift; path = TunnelReport.swift; sourceTree = "<group>"; };
		DB24DE94E2E4956D50D38ACE /* PromotedRegionView.swift */ = {isa = PBXFileReference; lastKnownFileType = sourcecode.swift; path = PromotedRegionView.swift; sourceTree = "<group>"; };
		DFB57BBBCF629E49A6B82483 /* libc++.tbd */ = {isa = PBXFileReference; lastKnownFileType = "sourcecode.text-based-dylib-definition"; name = "libc++.tbd"; path = "usr/lib/libc++.tbd"; sourceTree = SDKROOT; };
		E738659C9B4C1C016C2F606B /* Changelog.swift */ = {isa = PBXFileReference; lastKnownFileType = sourcecode.swift; path = Changelog.swift; sourceTree = "<group>"; };
		EFEC2F7E4380EC79C2474F2F /* App.swift */ = {isa = PBXFileReference; lastKnownFileType = sourcecode.swift; path = App.swift; sourceTree = "<group>"; };
		FA1E04DC0D4A5A19A907C8A0 /* NetworkExtension.framework */ = {isa = PBXFileReference; lastKnownFileType = wrapper.framework; name = NetworkExtension.framework; path = System/Library/Frameworks/NetworkExtension.framework; sourceTree = SDKROOT; };
		FD215D4E502C05C555F67321 /* UTunDescriptor.swift */ = {isa = PBXFileReference; lastKnownFileType = sourcecode.swift; path = UTunDescriptor.swift; sourceTree = "<group>"; };
		FD631F47F1392AE5796FAC3D /* FailureMappingTests.swift */ = {isa = PBXFileReference; lastKnownFileType = sourcecode.swift; path = FailureMappingTests.swift; sourceTree = "<group>"; };
		FE18FA4C46BAE2B5FC26CA2D /* RehearsalTestCase.swift */ = {isa = PBXFileReference; lastKnownFileType = sourcecode.swift; path = RehearsalTestCase.swift; sourceTree = "<group>"; };
		FE52193C4C71A050E1060DC7 /* SignInSheet.swift */ = {isa = PBXFileReference; lastKnownFileType = sourcecode.swift; path = SignInSheet.swift; sourceTree = "<group>"; };
/* End PBXFileReference section */

/* Begin PBXFrameworksBuildPhase section */
		0C074F4E7CEC5BBB44B710E6 /* Frameworks */ = {
			isa = PBXFrameworksBuildPhase;
			buildActionMask = 2147483647;
			files = (
				C343D74C3EFCEE7623AA2BC0 /* VPNPlusCore in Frameworks */,
				E49A90E618461145DD478766 /* SystemConfiguration.framework in Frameworks */,
			);
			runOnlyForDeploymentPostprocessing = 0;
		};
		1269687FADF30950D00F38BD /* Frameworks */ = {
			isa = PBXFrameworksBuildPhase;
			buildActionMask = 2147483647;
			files = (
				D547BAF5DF36F7768CC0271E /* VPNPlusCore in Frameworks */,
				ABA5051965CC42ED02B9A243 /* Sparkle in Frameworks */,
				1C770054289F7146D4559641 /* libVPNPlusEngine.a in Frameworks */,
				B0A5484AF7330166A0FD3D60 /* libc++.tbd in Frameworks */,
				3FF21C450F306C5FF7BEE330 /* SystemConfiguration.framework in Frameworks */,
				E3A3779B05540B21EA5EEDD4 /* IOKit.framework in Frameworks */,
				AFC9D77610261CD7EE9D3BD7 /* CoreServices.framework in Frameworks */,
				B024190D8EAE53657644AA66 /* CoreFoundation.framework in Frameworks */,
				54875A1269A09B24FDEA19F3 /* UserNotifications.framework in Frameworks */,
				95BBBA9AD07BC3A23914D6D5 /* ServiceManagement.framework in Frameworks */,
			);
			runOnlyForDeploymentPostprocessing = 0;
		};
		1EB6D8188CD7230FFC8B99EB /* Frameworks */ = {
			isa = PBXFrameworksBuildPhase;
			buildActionMask = 2147483647;
			files = (
				0E04F2C597286220660B161C /* VPNPlusCore in Frameworks */,
				78A892EEA3E7C7ABFACD60E5 /* NetworkExtension.framework in Frameworks */,
				4D78EEA5FE37B5814C55C253 /* libVPNPlusEngine.a in Frameworks */,
				B59E50A251B8258756686E83 /* libc++.tbd in Frameworks */,
				6C51C48E20E2916D8F16FDC1 /* SystemConfiguration.framework in Frameworks */,
				814962226D1A7311A0354666 /* IOKit.framework in Frameworks */,
				C799B621B422ACB497FC0FDF /* CoreServices.framework in Frameworks */,
				20A72A340ACB7C5286938572 /* CoreFoundation.framework in Frameworks */,
			);
			runOnlyForDeploymentPostprocessing = 0;
		};
		A5A33E2A7CB777F90B7A4FDE /* Frameworks */ = {
			isa = PBXFrameworksBuildPhase;
			buildActionMask = 2147483647;
			files = (
				9E2E4AAA7C9C5DC288275424 /* VPNPlusCore in Frameworks */,
				BF7C07B4C234E62260797A99 /* SystemConfiguration.framework in Frameworks */,
			);
			runOnlyForDeploymentPostprocessing = 0;
		};
		B1A9C9BEDCA7DE8FF3D407B8 /* Frameworks */ = {
			isa = PBXFrameworksBuildPhase;
			buildActionMask = 2147483647;
			files = (
				1664C02BE39BF5C3FC4E527A /* libVPNPlusEngine.a in Frameworks */,
				92EBC36E033F0AABFCEFC337 /* libc++.tbd in Frameworks */,
				85A69E9C05C3C6BDEFDE6966 /* SystemConfiguration.framework in Frameworks */,
				919F30053FD246BACAC7AB1E /* IOKit.framework in Frameworks */,
				B0D49956A9EA1608BC91854F /* CoreServices.framework in Frameworks */,
				CCD8A54D48B861FE5AB01B30 /* CoreFoundation.framework in Frameworks */,
			);
			runOnlyForDeploymentPostprocessing = 0;
		};
/* End PBXFrameworksBuildPhase section */

/* Begin PBXGroup section */
		166066C7CF6FC8C625A6D271 /* Design */ = {
			isa = PBXGroup;
			children = (
				53B8DADE87564AFDA3C8B3CC /* AutoLayout.swift */,
				AFF5ECC43D8D8506CFE89AE3 /* Tokens.swift */,
			);
			path = Design;
			sourceTree = "<group>";
		};
		2DE2E0A5CAD45528B03C00D1 /* VPNPlusEngineTests */ = {
			isa = PBXGroup;
			children = (
				A4591F96BB06385D5B65656E /* ImportTests.swift */,
				20028CE67B99ED88EE431F26 /* RunTests.swift */,
				3CBF178DBF0AF1CAED795117 /* TestFixtures.swift */,
				7902FE342F46EC63BBD69985 /* ValidateTests.swift */,
				2455A69E951DCA668094ABA2 /* VPNPlusEngineTests-Bridging-Header.h */,
			);
			path = VPNPlusEngineTests;
			sourceTree = "<group>";
		};
		3516ED816F17F8B26BE94FB2 /* Views */ = {
			isa = PBXGroup;
			children = (
				CC7D701DCB81C31777EE7880 /* CardGridView.swift */,
				7D909B6E7CA25FA69DB86615 /* GuidanceView.swift */,
				04CAFB64BEF242A0C35DF78D /* MessageSheet.swift */,
				70E018DD83B0C52B110C2B16 /* ProfileCardView.swift */,
				DB24DE94E2E4956D50D38ACE /* PromotedRegionView.swift */,
				41D7F56DE70EBCCA19081766 /* ReplaceReportSheet.swift */,
				53DBF7460C16F2830ACA47DA /* SettingsCard.swift */,
				FE52193C4C71A050E1060DC7 /* SignInSheet.swift */,
			);
			path = Views;
			sourceTree = "<group>";
		};
		3BB85868654F9D5D600BA84F /* VPNPlusCopy */ = {
			isa = PBXGroup;
			children = (
				E738659C9B4C1C016C2F606B /* Changelog.swift */,
				2153A4C5055651DD69243B27 /* DiagnosticsCopy.swift */,
				A1FF8173104FC29D9BD0AE52 /* DiagnosticsExport.swift */,
				749C613E0DE74BE7DE505D14 /* FailureCopy.swift */,
				75E9B549A3A4D818B3183CD6 /* FailureNotice.swift */,
				647C8572875DE2E4455B46E1 /* PhaseLabels.swift */,
				2D5B80E157B8033FE601F567 /* SetupCopy.swift */,
				07CF1A66CB33E50A224DEE82 /* UpdateCopy.swift */,
			);
			path = VPNPlusCopy;
			sourceTree = "<group>";
		};
		895210ADD3FCF73E89347274 /* Packages */ = {
			isa = PBXGroup;
			children = (
				3EE7FB96CCF503AA5008C88B /* VPNPlusCore */,
			);
			path = Packages;
			sourceTree = "<group>";
		};
		912D0AABCD05A58BFC721495 = {
			isa = PBXGroup;
			children = (
				69DCF622FBBFDF66F64BFA69 /* CHANGELOG.md */,
				895210ADD3FCF73E89347274 /* Packages */,
				A29F2DC8AFC6D99F16D50E4F /* VPNPlus */,
				CD7D3006BFE1BEB20E08925C /* VPNPlusAppTests */,
				3BB85868654F9D5D600BA84F /* VPNPlusCopy */,
				F4B61B27F5E345E5F0FE65D2 /* VPNPlusCopyTests */,
				D3191B4CB01414D911873479 /* VPNPlusEngine */,
				2DE2E0A5CAD45528B03C00D1 /* VPNPlusEngineTests */,
				F33341B2D3650EB81F9E1EA5 /* VPNPlusShared */,
				A59DC3B8BE7AF8D1D16DA91C /* VPNPlusSharedTests */,
				F593EAC21856441E6230FF09 /* VPNPlusTunnel */,
				C6C4D23668343ABDB5DE9B71 /* Frameworks */,
				F53B8D2028BF075BA9576543 /* Products */,
			);
			sourceTree = "<group>";
		};
		A29F2DC8AFC6D99F16D50E4F /* VPNPlus */ = {
			isa = PBXGroup;
			children = (
				D0D131FA481054644CB4F1F7 /* AccessibilityID.swift */,
				EFEC2F7E4380EC79C2474F2F /* App.swift */,
				BB8F03B21DA449466725EAD6 /* AppSettings.swift */,
				042037E0B22859B737C16618 /* Credits.html */,
				134740794902FEB890D469CE /* DiagnosticsSheet.swift */,
				58B8862F0FA21CF7DC071671 /* DropView.swift */,
				C535D99BB8588E6A6E0F467E /* ExtensionInstaller.swift */,
				C1D2ABAC985E95919E908B53 /* FailureNotifier.swift */,
				B5E1663DC8DD11E37C655963 /* ImportMessage.swift */,
				014171C7BC3E81B7ACFD6DA1 /* InstallLocation.swift */,
				597146994213AB10C2858937 /* Localizable.xcstrings */,
				9CD75F5958AB78A8340EB4A4 /* MainWindowController.swift */,
				CA3DDF22608AF05265B0B92A /* PrivilegedClient.swift */,
				CEBFF959B90678044D60D0AA /* ProfileCatalogue.swift */,
				23BAA2476B265EB039506C3B /* ProfileConfigurationSheet.swift */,
				AD459008A5079558FEE30141 /* ProfileImport.swift */,
				78598EE5564F61AE94D4B153 /* ProfileImporter.swift */,
				4B4A4F17AAADBDA419BA9006 /* ProfileStorage.swift */,
				59815D05337FE5458380DE49 /* Rehearsal.swift */,
				87036C32513D26DEDC05FC4D /* Relaunch.swift */,
				376EA33312BE31C560F89273 /* ReplaceCopy.swift */,
				48D72C8040E7EB9A068E6CAB /* SettingsWindowController.swift */,
				C76D22463B70D1161646FC8E /* SetupFlow.swift */,
				8FEE9E343B5527DF69A7C22D /* StatusItem.swift */,
				A0C0DB62A25CADB2DFD5CB5F /* TunnelController.swift */,
				32D4BDD65926A9573DA4BC40 /* Updater.swift */,
				9CDD25E6602DBB2C35764F2B /* VPNPlus-Bridging-Header.h */,
				166066C7CF6FC8C625A6D271 /* Design */,
				3516ED816F17F8B26BE94FB2 /* Views */,
			);
			path = VPNPlus;
			sourceTree = "<group>";
		};
		A59DC3B8BE7AF8D1D16DA91C /* VPNPlusSharedTests */ = {
			isa = PBXGroup;
			children = (
				FD631F47F1392AE5796FAC3D /* FailureMappingTests.swift */,
				4674E7479E5A804E7D093603 /* NetworkFactsReaderTests.swift */,
				9D45C9B5991CC9DE3A8A581D /* RedactionTests.swift */,
			);
			path = VPNPlusSharedTests;
			sourceTree = "<group>";
		};
		C6C4D23668343ABDB5DE9B71 /* Frameworks */ = {
			isa = PBXGroup;
			children = (
				13133B04CBB3D94810E7E1E6 /* CoreFoundation.framework */,
				7ED01D1888C03F68BC162FA3 /* CoreServices.framework */,
				10BC1655F49A221682EA0E4A /* IOKit.framework */,
				DFB57BBBCF629E49A6B82483 /* libc++.tbd */,
				FA1E04DC0D4A5A19A907C8A0 /* NetworkExtension.framework */,
				CA61D2EF684BB0FB0BF12A64 /* ServiceManagement.framework */,
				5E855E821FD66EF1537305B0 /* SystemConfiguration.framework */,
				1F31CF38D8EF4365E9387B51 /* UserNotifications.framework */,
			);
			name = Frameworks;
			sourceTree = "<group>";
		};
		CD7D3006BFE1BEB20E08925C /* VPNPlusAppTests */ = {
			isa = PBXGroup;
			children = (
				067F834456B90B553F9C62F3 /* ClickOnlyBugsTests.swift */,
				3DD2D66D9BCAE759E241F3D2 /* ColourTests.swift */,
				143CE7958B1F2D79F4D4B272 /* Fixtures.swift */,
				A86E5A19B25717E8817078ED /* KeyboardTests.swift */,
				8EC569903FCFD56D0311450E /* LanguageSweepTests.swift */,
				369A0E488E9287B508CDE54E /* ReadmeShotsTests.swift */,
				FE18FA4C46BAE2B5FC26CA2D /* RehearsalTestCase.swift */,
				B255534845782913BEE522FC /* SpikeTests.swift */,
				57F4FD87F6F54989CF1866EA /* SurfacesTests.swift */,
			);
			path = VPNPlusAppTests;
			sourceTree = "<group>";
		};
		D2D3DD4CB597E040A8ED10D5 /* include */ = {
			isa = PBXGroup;
			children = (
				208361D78664FDC72939DDB7 /* VPNPlusEngine.h */,
			);
			path = include;
			sourceTree = "<group>";
		};
		D3191B4CB01414D911873479 /* VPNPlusEngine */ = {
			isa = PBXGroup;
			children = (
				05D57C00265B12AEF250D992 /* EngineShim.cpp */,
				92FA759A42A5B4F74D866FC1 /* ExternalPKIHelper.c */,
				7D9F25F622C28F83185D923E /* ExternalPKIProvider.c */,
				D2D3DD4CB597E040A8ED10D5 /* include */,
			);
			path = VPNPlusEngine;
			sourceTree = "<group>";
		};
		F33341B2D3650EB81F9E1EA5 /* VPNPlusShared */ = {
			isa = PBXGroup;
			children = (
				A9B2A016A257BF9339FBFA19 /* NetworkFactsReader.swift */,
				4A00673A62DFD2E34E00EC01 /* OpenVPNFailures.swift */,
				3C272E4AD0B0F8E346C08845 /* OpenVPNPhases.swift */,
				0C8C37F94F76028963C3E687 /* PrivilegedInterface.swift */,
				78465DC02DD9E2EF9A28C78E /* Redaction.swift */,
				D5278224C6E252321C6BC566 /* TunnelReport.swift */,
			);
			path = VPNPlusShared;
			sourceTree = "<group>";
		};
		F4B61B27F5E345E5F0FE65D2 /* VPNPlusCopyTests */ = {
			isa = PBXGroup;
			children = (
				0B9C0D8B239DD61BBE192732 /* DiagnosticsExportTests.swift */,
				B662ACFBFBA20C9F7EFCA673 /* FailureCopyTests.swift */,
				962FFB35529700DA512C13A4 /* FailureNoticeTests.swift */,
				302A71E65FD01AA5BEEFE23E /* SetupCopyTests.swift */,
				4B0528008B2451F02A43B719 /* UpdateCopyTests.swift */,
			);
			path = VPNPlusCopyTests;
			sourceTree = "<group>";
		};
		F53B8D2028BF075BA9576543 /* Products */ = {
			isa = PBXGroup;
			children = (
				5FBDBC35E7CE4C4696A7A964 /* libVPNPlusEngine.a */,
				8D29B2DFA2D5B14954AFC31F /* VPNPlus.app */,
				3243C7C4801A590F62E64B6E /* VPNPlusAppTests.xctest */,
				A9806695FB09FD87884728DB /* VPNPlusCopyTests.xctest */,
				67880B91DCB8D05E7C902D9B /* VPNPlusEngineTests.xctest */,
				098726CF87659388D4A4CFD0 /* VPNPlusSharedTests.xctest */,
				5C891AFB48AF4ED86888CD08 /* VPNPlusTunnel.systemextension */,
			);
			name = Products;
			sourceTree = "<group>";
		};
		F593EAC21856441E6230FF09 /* VPNPlusTunnel */ = {
			isa = PBXGroup;
			children = (
				7844AE8ED2B87BCA3B61940C /* DefaultRoute.swift */,
				2AF44C54C60E6F5CDD8ECAD0 /* DiagnosticsStore.swift */,
				43BD04530C7322F12A73C014 /* Engine.swift */,
				0249DBE000CCC1904590F222 /* main.swift */,
				9F7D913D6471B1A325F2359F /* PacketTunnelProvider.swift */,
				AC5C29758341AED992D06D2D /* PrivilegedService.swift */,
				FD215D4E502C05C555F67321 /* UTunDescriptor.swift */,
				C493C5064E5F2932244C834C /* VPNPlusTunnel-Bridging-Header.h */,
			);
			path = VPNPlusTunnel;
			sourceTree = "<group>";
		};
/* End PBXGroup section */

/* Begin PBXNativeTarget section */
		041D75C00EAD791F9BCEB16D /* VPNPlus */ = {
			isa = PBXNativeTarget;
			buildConfigurationList = B6695766774D14272B728860 /* Build configuration list for PBXNativeTarget "VPNPlus" */;
			buildPhases = (
				FC2700D2D0F5B2C425B85C68 /* Release builds carry the Sparkle key */,
				930AB0B242C24273A5B585C4 /* Sources */,
				51A84D3849EC05D356D647B5 /* Compile Icon Composer icon */,
				1BC278929FC397CB8CEF3731 /* Resources */,
				1269687FADF30950D00F38BD /* Frameworks */,
				EF3E76D93EA08B95A13CBDB2 /* Embed System Extensions */,
			);
			buildRules = (
			);
			dependencies = (
				337562EDE981E942C27070B6 /* PBXTargetDependency */,
				888F6B5E5BEE62A98C17DA92 /* PBXTargetDependency */,
			);
			name = VPNPlus;
			packageProductDependencies = (
				E5AD49E779DF062A87D93C4D /* VPNPlusCore */,
				17FDEEEBA7AFEA2265FD7E8B /* Sparkle */,
			);
			productName = VPNPlus;
			productReference = 8D29B2DFA2D5B14954AFC31F /* VPNPlus.app */;
			productType = "com.apple.product-type.application";
		};
		092C61A58472478440E1F559 /* VPNPlusEngine */ = {
			isa = PBXNativeTarget;
			buildConfigurationList = 0C7F369BEA38C2DF47439297 /* Build configuration list for PBXNativeTarget "VPNPlusEngine" */;
			buildPhases = (
				50ED11D646505A1426320713 /* CopyFiles */,
				36C800AAD05D96A90B4280D3 /* Sources */,
			);
			buildRules = (
			);
			dependencies = (
			);
			name = VPNPlusEngine;
			packageProductDependencies = (
			);
			productName = VPNPlusEngine;
			productReference = 5FBDBC35E7CE4C4696A7A964 /* libVPNPlusEngine.a */;
			productType = "com.apple.product-type.library.static";
		};
		0E31D1E24269AEB543820167 /* VPNPlusCopyTests */ = {
			isa = PBXNativeTarget;
			buildConfigurationList = D6C0BD4E027CABCE1F8DE837 /* Build configuration list for PBXNativeTarget "VPNPlusCopyTests" */;
			buildPhases = (
				7C59BDF36E201683F85CD5CB /* Sources */,
				A5A33E2A7CB777F90B7A4FDE /* Frameworks */,
			);
			buildRules = (
			);
			dependencies = (
			);
			name = VPNPlusCopyTests;
			packageProductDependencies = (
				3D2D5714DD1249014A1B7218 /* VPNPlusCore */,
			);
			productName = VPNPlusCopyTests;
			productReference = A9806695FB09FD87884728DB /* VPNPlusCopyTests.xctest */;
			productType = "com.apple.product-type.bundle.unit-test";
		};
		808E89A3B8B74D90B2AE4BA8 /* VPNPlusSharedTests */ = {
			isa = PBXNativeTarget;
			buildConfigurationList = E76DA8DC0782617A7E6EDD6A /* Build configuration list for PBXNativeTarget "VPNPlusSharedTests" */;
			buildPhases = (
				BDF426D814A92C4D5913025E /* Sources */,
				0C074F4E7CEC5BBB44B710E6 /* Frameworks */,
			);
			buildRules = (
			);
			dependencies = (
			);
			name = VPNPlusSharedTests;
			packageProductDependencies = (
				8851D5D8871024EEBE79BE1D /* VPNPlusCore */,
			);
			productName = VPNPlusSharedTests;
			productReference = 098726CF87659388D4A4CFD0 /* VPNPlusSharedTests.xctest */;
			productType = "com.apple.product-type.bundle.unit-test";
		};
		A51284CE52312E06E2972FBE /* VPNPlusAppTests */ = {
			isa = PBXNativeTarget;
			buildConfigurationList = 66F3D65E2F1AEE3874FF06E1 /* Build configuration list for PBXNativeTarget "VPNPlusAppTests" */;
			buildPhases = (
				E30953DF731D17B9743E0CB1 /* Sources */,
			);
			buildRules = (
			);
			dependencies = (
				098E9E0D760A72464FE4BB37 /* PBXTargetDependency */,
			);
			name = VPNPlusAppTests;
			packageProductDependencies = (
			);
			productName = VPNPlusAppTests;
			productReference = 3243C7C4801A590F62E64B6E /* VPNPlusAppTests.xctest */;
			productType = "com.apple.product-type.bundle.unit-test";
		};
		D74754BC20B5DA89542F5CD1 /* VPNPlusTunnel */ = {
			isa = PBXNativeTarget;
			buildConfigurationList = C8DEF8D2AE7C908B2A9714A6 /* Build configuration list for PBXNativeTarget "VPNPlusTunnel" */;
			buildPhases = (
				51666D38C5AFB25E556DEE6C /* Sources */,
				1EB6D8188CD7230FFC8B99EB /* Frameworks */,
			);
			buildRules = (
			);
			dependencies = (
				DC69D61BB9D69AC99A42023B /* PBXTargetDependency */,
			);
			name = VPNPlusTunnel;
			packageProductDependencies = (
				B4EEE11DD89DF281EE6A7291 /* VPNPlusCore */,
			);
			productName = VPNPlusTunnel;
			productReference = 5C891AFB48AF4ED86888CD08 /* VPNPlusTunnel.systemextension */;
			productType = "com.apple.product-type.system-extension";
		};
		E4442B3F42DAD637508A2E52 /* VPNPlusEngineTests */ = {
			isa = PBXNativeTarget;
			buildConfigurationList = B11C5E6341C914CD8592D70B /* Build configuration list for PBXNativeTarget "VPNPlusEngineTests" */;
			buildPhases = (
				8BADF98402CCDE07DD8C2D18 /* Sources */,
				B1A9C9BEDCA7DE8FF3D407B8 /* Frameworks */,
			);
			buildRules = (
			);
			dependencies = (
				AA4FE8EFFB79C9D87A73AF27 /* PBXTargetDependency */,
			);
			name = VPNPlusEngineTests;
			packageProductDependencies = (
			);
			productName = VPNPlusEngineTests;
			productReference = 67880B91DCB8D05E7C902D9B /* VPNPlusEngineTests.xctest */;
			productType = "com.apple.product-type.bundle.unit-test";
		};
/* End PBXNativeTarget section */

/* Begin PBXProject section */
		E47F33744BEA266A851D4ACF /* Project object */ = {
			isa = PBXProject;
			attributes = {
				BuildIndependentTargetsInParallel = YES;
				LastUpgradeCheck = 1430;
				TargetAttributes = {
					041D75C00EAD791F9BCEB16D = {
						DevelopmentTeam = DR9YZ5L9PX;
						ProvisioningStyle = Manual;
					};
					092C61A58472478440E1F559 = {
						DevelopmentTeam = DR9YZ5L9PX;
						ProvisioningStyle = Manual;
					};
					0E31D1E24269AEB543820167 = {
						DevelopmentTeam = "";
						ProvisioningStyle = Automatic;
					};
					808E89A3B8B74D90B2AE4BA8 = {
						DevelopmentTeam = "";
						ProvisioningStyle = Automatic;
					};
					A51284CE52312E06E2972FBE = {
						DevelopmentTeam = "";
						ProvisioningStyle = Automatic;
					};
					D74754BC20B5DA89542F5CD1 = {
						DevelopmentTeam = DR9YZ5L9PX;
						ProvisioningStyle = Manual;
					};
					E4442B3F42DAD637508A2E52 = {
						DevelopmentTeam = "";
						ProvisioningStyle = Automatic;
					};
				};
			};
			buildConfigurationList = 07139EF5422C3C2BC7F21F78 /* Build configuration list for PBXProject "VPNPlus" */;
			developmentRegion = en;
			hasScannedForEncodings = 0;
			knownRegions = (
				Base,
				de,
				en,
				fr,
				ja,
				"zh-Hans",
				"zh-Hant",
			);
			mainGroup = 912D0AABCD05A58BFC721495;
			minimizedProjectReferenceProxies = 1;
			packageReferences = (
				98C1DE6D913D534D9B7DD5A4 /* XCRemoteSwiftPackageReference "Sparkle" */,
				B789B500495D5167A9ADE30C /* XCLocalSwiftPackageReference "Packages/VPNPlusCore" */,
			);
			preferredProjectObjectVersion = 77;
			productRefGroup = F53B8D2028BF075BA9576543 /* Products */;
			projectDirPath = "";
			projectRoot = "";
			targets = (
				041D75C00EAD791F9BCEB16D /* VPNPlus */,
				D74754BC20B5DA89542F5CD1 /* VPNPlusTunnel */,
				092C61A58472478440E1F559 /* VPNPlusEngine */,
				808E89A3B8B74D90B2AE4BA8 /* VPNPlusSharedTests */,
				0E31D1E24269AEB543820167 /* VPNPlusCopyTests */,
				A51284CE52312E06E2972FBE /* VPNPlusAppTests */,
				E4442B3F42DAD637508A2E52 /* VPNPlusEngineTests */,
			);
		};
/* End PBXProject section */

/* Begin PBXResourcesBuildPhase section */
		1BC278929FC397CB8CEF3731 /* Resources */ = {
			isa = PBXResourcesBuildPhase;
			buildActionMask = 2147483647;
			files = (
				9B8036D11DDF75D6F5D9D716 /* CHANGELOG.md in Resources */,
				13F1FCCBDEECCB6DD42BCFDD /* Credits.html in Resources */,
				5C204AEC04C0A81517D938A9 /* Localizable.xcstrings in Resources */,
			);
			runOnlyForDeploymentPostprocessing = 0;
		};
/* End PBXResourcesBuildPhase section */

/* Begin PBXShellScriptBuildPhase section */
		51A84D3849EC05D356D647B5 /* Compile Icon Composer icon */ = {
			isa = PBXShellScriptBuildPhase;
			buildActionMask = 2147483647;
			files = (
			);
			inputFileListPaths = (
			);
			inputPaths = (
				"$(SRCROOT)/VPNPlus/AppIcon.icon/icon.json",
				"$(SRCROOT)/VPNPlus/AppIcon.icon/Assets/plus.svg",
			);
			name = "Compile Icon Composer icon";
			outputFileListPaths = (
			);
			outputPaths = (
				"$(TARGET_BUILD_DIR)/$(UNLOCALIZED_RESOURCES_FOLDER_PATH)/Assets.car",
				"$(TARGET_BUILD_DIR)/$(UNLOCALIZED_RESOURCES_FOLDER_PATH)/AppIcon.icns",
			);
			runOnlyForDeploymentPostprocessing = 0;
			shellPath = /bin/sh;
			shellScript = "xcrun actool \"$SRCROOT/VPNPlus/AppIcon.icon\" \\\n  --compile \"$TARGET_BUILD_DIR/$UNLOCALIZED_RESOURCES_FOLDER_PATH\" \\\n  --app-icon AppIcon --platform macosx \\\n  --minimum-deployment-target \"$MACOSX_DEPLOYMENT_TARGET\" \\\n  --output-partial-info-plist \"$DERIVED_FILE_DIR/AppIcon-partial.plist\"\n";
		};
		FC2700D2D0F5B2C425B85C68 /* Release builds carry the Sparkle key */ = {
			isa = PBXShellScriptBuildPhase;
			alwaysOutOfDate = 1;
			buildActionMask = 2147483647;
			files = (
			);
			inputFileListPaths = (
			);
			inputPaths = (
			);
			name = "Release builds carry the Sparkle key";
			outputFileListPaths = (
			);
			outputPaths = (
			);
			runOnlyForDeploymentPostprocessing = 0;
			shellPath = /bin/sh;
			shellScript = "if [ \"$CONFIGURATION\" = \"Release\" ] && [ -z \"$SPARKLE_ED_PUBLIC_KEY\" ]; then\n  echo \"error: SPARKLE_ED_PUBLIC_KEY is empty — a Release build cannot verify updates. M9 supplies the key.\"\n  exit 1\nfi\n";
		};
/* End PBXShellScriptBuildPhase section */

/* Begin PBXSourcesBuildPhase section */
		36C800AAD05D96A90B4280D3 /* Sources */ = {
			isa = PBXSourcesBuildPhase;
			buildActionMask = 2147483647;
			files = (
				E07A107241DDC403F27A17FB /* EngineShim.cpp in Sources */,
				ADE17859AF1ADC4A3AD45A2C /* ExternalPKIHelper.c in Sources */,
				E9524772DAE74D18F8FA22D3 /* ExternalPKIProvider.c in Sources */,
			);
			runOnlyForDeploymentPostprocessing = 0;
		};
		51666D38C5AFB25E556DEE6C /* Sources */ = {
			isa = PBXSourcesBuildPhase;
			buildActionMask = 2147483647;
			files = (
				7BC3710E15711D0F3934D85F /* DefaultRoute.swift in Sources */,
				4B47A2A4E2892EBCEB09A5F6 /* DiagnosticsStore.swift in Sources */,
				8B6E7B8FF4513EF84DE7B55F /* Engine.swift in Sources */,
				F386742D4DE0B18D3546E05E /* NetworkFactsReader.swift in Sources */,
				350C71B1B88CD72D355C3527 /* OpenVPNFailures.swift in Sources */,
				F4808618DD2930504319912A /* OpenVPNPhases.swift in Sources */,
				4465665E03BC198916CB20FD /* PacketTunnelProvider.swift in Sources */,
				472910CD517EFA79BA7A47FA /* PrivilegedInterface.swift in Sources */,
				F382E1E2F891FA84870B4CAD /* PrivilegedService.swift in Sources */,
				0C3DD91D363F7B0529163C7D /* Redaction.swift in Sources */,
				F3BB3E71A32F37960150D401 /* TunnelReport.swift in Sources */,
				BBF0F700AD1BD255B47BCBBD /* UTunDescriptor.swift in Sources */,
				C79DCB232F97FE60A0C61EE1 /* main.swift in Sources */,
			);
			runOnlyForDeploymentPostprocessing = 0;
		};
		7C59BDF36E201683F85CD5CB /* Sources */ = {
			isa = PBXSourcesBuildPhase;
			buildActionMask = 2147483647;
			files = (
				1416F69FDA7E299A883F0701 /* Changelog.swift in Sources */,
				6F55BC42BCD8788D1FEAF1EF /* DiagnosticsCopy.swift in Sources */,
				077573B0F616E37B840AAAEB /* DiagnosticsExport.swift in Sources */,
				9EA526DD14193C5BD8B02281 /* DiagnosticsExportTests.swift in Sources */,
				B38412B2647409B966CAB445 /* FailureCopy.swift in Sources */,
				68191F02E017D0143A1BD2EF /* FailureCopyTests.swift in Sources */,
				7461A8E7EE6C2E3FF1641A00 /* FailureNotice.swift in Sources */,
				498C7B979E423FC1D1ED4617 /* FailureNoticeTests.swift in Sources */,
				14C783E99F2201AB42BB1F88 /* NetworkFactsReader.swift in Sources */,
				E58868C8BBA2EBBC1966B0D5 /* OpenVPNFailures.swift in Sources */,
				4AD968F1B3929DEFF25C26E0 /* OpenVPNPhases.swift in Sources */,
				32FA7E6C072EBD7B4B79A43E /* PhaseLabels.swift in Sources */,
				9B437588A0CD6D989C601D25 /* PrivilegedInterface.swift in Sources */,
				CBBC167801A60682B985D0D5 /* Redaction.swift in Sources */,
				DEC7730B30484F284E6EBBE6 /* SetupCopy.swift in Sources */,
				8C562D94087FF132862E5B84 /* SetupCopyTests.swift in Sources */,
				9FB9278F96A9D8B4D6944321 /* TunnelReport.swift in Sources */,
				E7EFABAFC5AD2970076D5A5D /* UpdateCopy.swift in Sources */,
				C527C40702DAFCFEBA258BC5 /* UpdateCopyTests.swift in Sources */,
			);
			runOnlyForDeploymentPostprocessing = 0;
		};
		8BADF98402CCDE07DD8C2D18 /* Sources */ = {
			isa = PBXSourcesBuildPhase;
			buildActionMask = 2147483647;
			files = (
				BBD7B9F59959E6774453CDB0 /* ImportTests.swift in Sources */,
				60B41A883578D99B0ED546C2 /* RunTests.swift in Sources */,
				82C53ED98D65C0DD3F513181 /* TestFixtures.swift in Sources */,
				0D8358E4AB9B02338F7070BB /* ValidateTests.swift in Sources */,
			);
			runOnlyForDeploymentPostprocessing = 0;
		};
		930AB0B242C24273A5B585C4 /* Sources */ = {
			isa = PBXSourcesBuildPhase;
			buildActionMask = 2147483647;
			files = (
				F04A1FC378DEF985AD56FBCA /* AccessibilityID.swift in Sources */,
				017407B0623EE77D6A116F9F /* App.swift in Sources */,
				F3D8537875A2078671EC2399 /* AppSettings.swift in Sources */,
				D6233C9C2F5338664608BA4C /* AutoLayout.swift in Sources */,
				FE3381B49CD9666D98F63824 /* CardGridView.swift in Sources */,
				BFCAA475A578BCD7896AB3C0 /* Changelog.swift in Sources */,
				BDA32AE7813F341251CE2C37 /* DiagnosticsCopy.swift in Sources */,
				532CDBC5E7E3EE3443915A60 /* DiagnosticsExport.swift in Sources */,
				C6716E14E5C3A172D2A0C975 /* DiagnosticsSheet.swift in Sources */,
				39FCA6D97086FE9B0A2BB252 /* DropView.swift in Sources */,
				FB556FCAF7D5B786F0EE4F22 /* ExtensionInstaller.swift in Sources */,
				F46038638D5D288A3A345A24 /* FailureCopy.swift in Sources */,
				B2219009247618BEAB2B04BB /* FailureNotice.swift in Sources */,
				3F9798C89BF9A650A6F5F4CD /* FailureNotifier.swift in Sources */,
				22A48AEB674D8C550ACD14FD /* GuidanceView.swift in Sources */,
				7F0560F6228F685A72CFAA58 /* ImportMessage.swift in Sources */,
				DD1118C0F8E834F09160946A /* InstallLocation.swift in Sources */,
				7676B0812A5C4D64B97AC9DA /* MainWindowController.swift in Sources */,
				0D638FEAF5C869187DDA8AD6 /* MessageSheet.swift in Sources */,
				782BD79CDD01420B55242089 /* NetworkFactsReader.swift in Sources */,
				3495A69B1F13A4E26949921E /* OpenVPNFailures.swift in Sources */,
				670486E9B6F1F1B1AABD1056 /* OpenVPNPhases.swift in Sources */,
				8981E9BE5E5FD541C58CC2F1 /* PhaseLabels.swift in Sources */,
				5160165F03B03582C20F8B45 /* PrivilegedClient.swift in Sources */,
				C7EECD2776988F15EFB8617A /* PrivilegedInterface.swift in Sources */,
				BDB5CA7CF6E6A0F2F6162B6A /* ProfileCardView.swift in Sources */,
				FDC5E5B2F51D9BACD256037D /* ProfileCatalogue.swift in Sources */,
				4357428D4CBBFB99481CA99C /* ProfileConfigurationSheet.swift in Sources */,
				C0D83B28313952C35DEA40B0 /* ProfileImport.swift in Sources */,
				C401EF4DB9265005338A59C5 /* ProfileImporter.swift in Sources */,
				CCF814AD83E789107066C510 /* ProfileStorage.swift in Sources */,
				613CF72E53C9596BA08A027D /* PromotedRegionView.swift in Sources */,
				AD4441E7CB90528D9E3D4B21 /* Redaction.swift in Sources */,
				2C45A689AB3F524EC9811B10 /* Rehearsal.swift in Sources */,
				F87C7542792D4E115557BF22 /* Relaunch.swift in Sources */,
				412483FF6640922BA1319165 /* ReplaceCopy.swift in Sources */,
				3B3396910AF411F656E42A22 /* ReplaceReportSheet.swift in Sources */,
				784F3BD0C9BA6C24ED194D95 /* SettingsCard.swift in Sources */,
				ED9586F2D97B6D1978875D4F /* SettingsWindowController.swift in Sources */,
				F5EEC0BAB4BD07488521CB11 /* SetupCopy.swift in Sources */,
				9C0203F098216AE9CFAEC3A2 /* SetupFlow.swift in Sources */,
				7B961AB53C94B83E4F8A6803 /* SignInSheet.swift in Sources */,
				2903FFE66AF2035C206A32EE /* StatusItem.swift in Sources */,
				EA742C4B3EFF74AA5E55DBF5 /* Tokens.swift in Sources */,
				E331C45DCD7FC398D5538B6F /* TunnelController.swift in Sources */,
				A0CD636AC8C8E623ACAA29B3 /* TunnelReport.swift in Sources */,
				F623E92317EDD5151F1B9CCF /* UpdateCopy.swift in Sources */,
				AE0CEAB3F9761DEA753E0464 /* Updater.swift in Sources */,
			);
			runOnlyForDeploymentPostprocessing = 0;
		};
		BDF426D814A92C4D5913025E /* Sources */ = {
			isa = PBXSourcesBuildPhase;
			buildActionMask = 2147483647;
			files = (
				43084B8D4E83AA741E37ED90 /* FailureMappingTests.swift in Sources */,
				71A14BA081B203667F6C3C65 /* NetworkFactsReader.swift in Sources */,
				477D918355DB1F952D1C4FDC /* NetworkFactsReaderTests.swift in Sources */,
				83E3953305F2F7EC19BAB369 /* OpenVPNFailures.swift in Sources */,
				073421D6D9DC3410D7871D1B /* OpenVPNPhases.swift in Sources */,
				C1226F0EFBDF100E3743DDAB /* PrivilegedInterface.swift in Sources */,
				9AE19D99788D00C9F3D93275 /* Redaction.swift in Sources */,
				D567631A9E4E841EF5C19DD2 /* RedactionTests.swift in Sources */,
				B790F78B99F5FC5B95DBECE8 /* TunnelReport.swift in Sources */,
			);
			runOnlyForDeploymentPostprocessing = 0;
		};
		E30953DF731D17B9743E0CB1 /* Sources */ = {
			isa = PBXSourcesBuildPhase;
			buildActionMask = 2147483647;
			files = (
				F64A61D5CE7869C384FC5CFA /* ClickOnlyBugsTests.swift in Sources */,
				4EAC358FF6446C257B8D135E /* ColourTests.swift in Sources */,
				9466E3AE2DF4F66C07852560 /* Fixtures.swift in Sources */,
				D8289FB3F69BAF1882C7FED9 /* KeyboardTests.swift in Sources */,
				C9D233B7B9A77D93D059BB64 /* LanguageSweepTests.swift in Sources */,
				E2F33946C157375B6BD9314B /* ReadmeShotsTests.swift in Sources */,
				16EE42E2F63BDDCF592AC95C /* RehearsalTestCase.swift in Sources */,
				6953F45DE689F82B1930AA59 /* SpikeTests.swift in Sources */,
				367C42315143D887CA3CFCB0 /* SurfacesTests.swift in Sources */,
			);
			runOnlyForDeploymentPostprocessing = 0;
		};
/* End PBXSourcesBuildPhase section */

/* Begin PBXTargetDependency section */
		098E9E0D760A72464FE4BB37 /* PBXTargetDependency */ = {
			isa = PBXTargetDependency;
			target = 041D75C00EAD791F9BCEB16D /* VPNPlus */;
			targetProxy = BA372A28EB6E378ED1FB8641 /* PBXContainerItemProxy */;
		};
		337562EDE981E942C27070B6 /* PBXTargetDependency */ = {
			isa = PBXTargetDependency;
			target = D74754BC20B5DA89542F5CD1 /* VPNPlusTunnel */;
			targetProxy = FA78D4811EC7E27728A11083 /* PBXContainerItemProxy */;
		};
		888F6B5E5BEE62A98C17DA92 /* PBXTargetDependency */ = {
			isa = PBXTargetDependency;
			target = 092C61A58472478440E1F559 /* VPNPlusEngine */;
			targetProxy = A90E033F620DC89AE7582ABA /* PBXContainerItemProxy */;
		};
		AA4FE8EFFB79C9D87A73AF27 /* PBXTargetDependency */ = {
			isa = PBXTargetDependency;
			target = 092C61A58472478440E1F559 /* VPNPlusEngine */;
			targetProxy = 5C7B3DD03327847977D6613A /* PBXContainerItemProxy */;
		};
		DC69D61BB9D69AC99A42023B /* PBXTargetDependency */ = {
			isa = PBXTargetDependency;
			target = 092C61A58472478440E1F559 /* VPNPlusEngine */;
			targetProxy = 781B7ABB3BB425B18E9DD438 /* PBXContainerItemProxy */;
		};
/* End PBXTargetDependency section */

/* Begin XCBuildConfiguration section */
		08A9FEBEA05D184994898F9F /* Release */ = {
			isa = XCBuildConfiguration;
			buildSettings = {
				CLANG_CXX_LANGUAGE_STANDARD = "c++20";
				CLANG_CXX_LIBRARY = "libc++";
				COMBINE_HIDPI_IMAGES = YES;
				GCC_C_LANGUAGE_STANDARD = gnu11;
				GCC_PREPROCESSOR_DEFINITIONS = (
					"$(inherited)",
					ASIO_STANDALONE,
					USE_ASIO,
					HAVE_LZ4,
					USE_OPENSSL,
					USE_TUN_BUILDER,
					ENABLE_EXTERNAL_PKI,
				);
				HEADER_SEARCH_PATHS = (
					"$(SRCROOT)/VPNPlusEngine/include",
				);
				LD_RUNPATH_SEARCH_PATHS = (
					"$(inherited)",
					"@executable_path/../Frameworks",
				);
				PRODUCT_BUNDLE_IDENTIFIER = com.bossagroove.VPNPlusEngine;
				PRODUCT_NAME = VPNPlusEngine;
				SDKROOT = macosx;
				SKIP_INSTALL = YES;
				SYSTEM_HEADER_SEARCH_PATHS = (
					"$(SRCROOT)/ThirdParty/openvpn3",
					"$(SRCROOT)/ThirdParty/out/include",
				);
			};
			name = Release;
		};
		121CE8FF3A4EE529FC3CF661 /* Debug */ = {
			isa = XCBuildConfiguration;
			buildSettings = {
				BUNDLE_LOADER = "$(TEST_HOST)";
				CODE_SIGN_STYLE = Automatic;
				COMBINE_HIDPI_IMAGES = YES;
				DEVELOPMENT_TEAM = "";
				LD_RUNPATH_SEARCH_PATHS = (
					"$(inherited)",
					"@executable_path/../Frameworks",
					"@loader_path/../Frameworks",
				);
				PRODUCT_BUNDLE_IDENTIFIER = com.bossagroove.VPNPlus.CopyTests;
				SDKROOT = macosx;
			};
			name = Debug;
		};
		2BE410F893BB407001D6F539 /* Debug */ = {
			isa = XCBuildConfiguration;
			buildSettings = {
				ALWAYS_SEARCH_USER_PATHS = NO;
				CLANG_ANALYZER_NONNULL = YES;
				CLANG_ANALYZER_NUMBER_OBJECT_CONVERSION = YES_AGGRESSIVE;
				CLANG_CXX_LANGUAGE_STANDARD = "gnu++14";
				CLANG_CXX_LIBRARY = "libc++";
				CLANG_ENABLE_MODULES = YES;
				CLANG_ENABLE_OBJC_ARC = YES;
				CLANG_ENABLE_OBJC_WEAK = YES;
				CLANG_WARN_BLOCK_CAPTURE_AUTORELEASING = YES;
				CLANG_WARN_BOOL_CONVERSION = YES;
				CLANG_WARN_COMMA = YES;
				CLANG_WARN_CONSTANT_CONVERSION = YES;
				CLANG_WARN_DEPRECATED_OBJC_IMPLEMENTATIONS = YES;
				CLANG_WARN_DIRECT_OBJC_ISA_USAGE = YES_ERROR;
				CLANG_WARN_DOCUMENTATION_COMMENTS = YES;
				CLANG_WARN_EMPTY_BODY = YES;
				CLANG_WARN_ENUM_CONVERSION = YES;
				CLANG_WARN_INFINITE_RECURSION = YES;
				CLANG_WARN_INT_CONVERSION = YES;
				CLANG_WARN_NON_LITERAL_NULL_CONVERSION = YES;
				CLANG_WARN_OBJC_IMPLICIT_RETAIN_SELF = YES;
				CLANG_WARN_OBJC_LITERAL_CONVERSION = YES;
				CLANG_WARN_OBJC_ROOT_CLASS = YES_ERROR;
				CLANG_WARN_QUOTED_INCLUDE_IN_FRAMEWORK_HEADER = YES;
				CLANG_WARN_RANGE_LOOP_ANALYSIS = YES;
				CLANG_WARN_STRICT_PROTOTYPES = YES;
				CLANG_WARN_SUSPICIOUS_MOVE = YES;
				CLANG_WARN_UNGUARDED_AVAILABILITY = YES_AGGRESSIVE;
				CLANG_WARN_UNREACHABLE_CODE = YES;
				CLANG_WARN__DUPLICATE_METHOD_MATCH = YES;
				CODE_SIGN_STYLE = Manual;
				COPY_PHASE_STRIP = NO;
				DEAD_CODE_STRIPPING = YES;
				DEBUG_INFORMATION_FORMAT = dwarf;
				DEVELOPMENT_TEAM = DR9YZ5L9PX;
				ENABLE_APP_SANDBOX = NO;
				ENABLE_DEBUG_DYLIB = NO;
				ENABLE_HARDENED_RUNTIME = YES;
				ENABLE_STRICT_OBJC_MSGSEND = YES;
				ENABLE_TESTABILITY = YES;
				GCC_C_LANGUAGE_STANDARD = gnu11;
				GCC_DYNAMIC_NO_PIC = NO;
				GCC_NO_COMMON_BLOCKS = YES;
				GCC_OPTIMIZATION_LEVEL = 0;
				GCC_PREPROCESSOR_DEFINITIONS = (
					"$(inherited)",
					"DEBUG=1",
				);
				GCC_WARN_64_TO_32_BIT_CONVERSION = YES;
				GCC_WARN_ABOUT_RETURN_TYPE = YES_ERROR;
				GCC_WARN_UNDECLARED_SELECTOR = YES;
				GCC_WARN_UNINITIALIZED_AUTOS = YES_AGGRESSIVE;
				GCC_WARN_UNUSED_FUNCTION = YES;
				GCC_WARN_UNUSED_VARIABLE = YES;
				MACOSX_DEPLOYMENT_TARGET = 14.0;
				MTL_ENABLE_DEBUG_INFO = INCLUDE_SOURCE;
				MTL_FAST_MATH = YES;
				ONLY_ACTIVE_ARCH = YES;
				PRODUCT_NAME = "$(TARGET_NAME)";
				SDKROOT = macosx;
				SWIFT_ACTIVE_COMPILATION_CONDITIONS = DEBUG;
				SWIFT_EMIT_LOC_STRINGS = YES;
				SWIFT_OPTIMIZATION_LEVEL = "-Onone";
				SWIFT_STRICT_CONCURRENCY = complete;
				SWIFT_VERSION = 6.0;
			};
			name = Debug;
		};
		3B5D55FF69498650FEE3C352 /* Debug */ = {
			isa = XCBuildConfiguration;
			buildSettings = {
				BUNDLE_LOADER = "$(TEST_HOST)";
				CODE_SIGN_STYLE = Automatic;
				COMBINE_HIDPI_IMAGES = YES;
				DEVELOPMENT_TEAM = "";
				LD_RUNPATH_SEARCH_PATHS = (
					"$(inherited)",
					"@executable_path/../Frameworks",
					"@loader_path/../Frameworks",
				);
				PRODUCT_BUNDLE_IDENTIFIER = com.bossagroove.VPNPlus.SharedTests;
				SDKROOT = macosx;
			};
			name = Debug;
		};
		451079394FA8517881976F17 /* Release */ = {
			isa = XCBuildConfiguration;
			buildSettings = {
				ASSETCATALOG_COMPILER_APPICON_NAME = AppIcon;
				CODE_SIGN_ENTITLEMENTS = VPNPlus/VPNPlus.release.entitlements;
				COMBINE_HIDPI_IMAGES = YES;
				CURRENT_PROJECT_VERSION = 1;
				HEADER_SEARCH_PATHS = (
					"$(SRCROOT)/VPNPlusEngine/include",
				);
				INFOPLIST_FILE = VPNPlus/Info.plist;
				LD_RUNPATH_SEARCH_PATHS = (
					"$(inherited)",
					"@executable_path/../Frameworks",
				);
				LIBRARY_SEARCH_PATHS = (
					"$(SRCROOT)/ThirdParty/out/lib",
				);
				MARKETING_VERSION = 1.0.0;
				OTHER_LDFLAGS = (
					"-lssl",
					"-lcrypto",
					"-llz4",
					"-lfmt",
					"-ObjC",
				);
				PRODUCT_BUNDLE_IDENTIFIER = com.bossagroove.VPNPlus;
				PRODUCT_NAME = "VPN Plus";
				SDKROOT = macosx;
				SPARKLE_ED_PUBLIC_KEY = "iMeRfNLNfeMbd+Vxmy/B06HeOgHT/8lSUg9ZFDxFDZg=";
				SWIFT_OBJC_BRIDGING_HEADER = "VPNPlus/VPNPlus-Bridging-Header.h";
				SYSTEM_EXTENSION_FOLDER_PATH = Contents/Library/SystemExtensions;
			};
			name = Release;
		};
		5EB068D313799AC4D6946CC7 /* Debug */ = {
			isa = XCBuildConfiguration;
			buildSettings = {
				BUNDLE_LOADER = "$(TEST_HOST)";
				CODE_SIGN_STYLE = Automatic;
				COMBINE_HIDPI_IMAGES = YES;
				DEVELOPMENT_TEAM = "";
				LD_RUNPATH_SEARCH_PATHS = (
					"$(inherited)",
					"@executable_path/../Frameworks",
					"@loader_path/../Frameworks",
				);
				PRODUCT_BUNDLE_IDENTIFIER = com.bossagroove.VPNPlus.AppTests;
				SDKROOT = macosx;
				TEST_HOST = "$(BUILT_PRODUCTS_DIR)/VPN Plus.app/Contents/MacOS/VPN Plus";
			};
			name = Debug;
		};
		63DDBAD90326A6D7BE8BA2EA /* Debug */ = {
			isa = XCBuildConfiguration;
			buildSettings = {
				BUNDLE_LOADER = "$(TEST_HOST)";
				CODE_SIGN_STYLE = Automatic;
				COMBINE_HIDPI_IMAGES = YES;
				DEVELOPMENT_TEAM = "";
				HEADER_SEARCH_PATHS = (
					"$(SRCROOT)/VPNPlusEngine/include",
				);
				LD_RUNPATH_SEARCH_PATHS = (
					"$(inherited)",
					"@executable_path/../Frameworks",
					"@loader_path/../Frameworks",
				);
				LIBRARY_SEARCH_PATHS = (
					"$(SRCROOT)/ThirdParty/out/lib",
				);
				OTHER_LDFLAGS = (
					"-lssl",
					"-lcrypto",
					"-llz4",
					"-lfmt",
					"-ObjC",
				);
				PRODUCT_BUNDLE_IDENTIFIER = com.bossagroove.VPNPlus.EngineTests;
				SDKROOT = macosx;
				SWIFT_OBJC_BRIDGING_HEADER = "VPNPlusEngineTests/VPNPlusEngineTests-Bridging-Header.h";
			};
			name = Debug;
		};
		7B03094AD7EAF1B97859B7FA /* Release */ = {
			isa = XCBuildConfiguration;
			buildSettings = {
				ALWAYS_SEARCH_USER_PATHS = NO;
				CLANG_ANALYZER_NONNULL = YES;
				CLANG_ANALYZER_NUMBER_OBJECT_CONVERSION = YES_AGGRESSIVE;
				CLANG_CXX_LANGUAGE_STANDARD = "gnu++14";
				CLANG_CXX_LIBRARY = "libc++";
				CLANG_ENABLE_MODULES = YES;
				CLANG_ENABLE_OBJC_ARC = YES;
				CLANG_ENABLE_OBJC_WEAK = YES;
				CLANG_WARN_BLOCK_CAPTURE_AUTORELEASING = YES;
				CLANG_WARN_BOOL_CONVERSION = YES;
				CLANG_WARN_COMMA = YES;
				CLANG_WARN_CONSTANT_CONVERSION = YES;
				CLANG_WARN_DEPRECATED_OBJC_IMPLEMENTATIONS = YES;
				CLANG_WARN_DIRECT_OBJC_ISA_USAGE = YES_ERROR;
				CLANG_WARN_DOCUMENTATION_COMMENTS = YES;
				CLANG_WARN_EMPTY_BODY = YES;
				CLANG_WARN_ENUM_CONVERSION = YES;
				CLANG_WARN_INFINITE_RECURSION = YES;
				CLANG_WARN_INT_CONVERSION = YES;
				CLANG_WARN_NON_LITERAL_NULL_CONVERSION = YES;
				CLANG_WARN_OBJC_IMPLICIT_RETAIN_SELF = YES;
				CLANG_WARN_OBJC_LITERAL_CONVERSION = YES;
				CLANG_WARN_OBJC_ROOT_CLASS = YES_ERROR;
				CLANG_WARN_QUOTED_INCLUDE_IN_FRAMEWORK_HEADER = YES;
				CLANG_WARN_RANGE_LOOP_ANALYSIS = YES;
				CLANG_WARN_STRICT_PROTOTYPES = YES;
				CLANG_WARN_SUSPICIOUS_MOVE = YES;
				CLANG_WARN_UNGUARDED_AVAILABILITY = YES_AGGRESSIVE;
				CLANG_WARN_UNREACHABLE_CODE = YES;
				CLANG_WARN__DUPLICATE_METHOD_MATCH = YES;
				CODE_SIGN_STYLE = Manual;
				COPY_PHASE_STRIP = NO;
				DEAD_CODE_STRIPPING = YES;
				DEBUG_INFORMATION_FORMAT = "dwarf-with-dsym";
				DEVELOPMENT_TEAM = DR9YZ5L9PX;
				ENABLE_APP_SANDBOX = NO;
				ENABLE_DEBUG_DYLIB = NO;
				ENABLE_HARDENED_RUNTIME = YES;
				ENABLE_NS_ASSERTIONS = NO;
				ENABLE_STRICT_OBJC_MSGSEND = YES;
				GCC_C_LANGUAGE_STANDARD = gnu11;
				GCC_NO_COMMON_BLOCKS = YES;
				GCC_WARN_64_TO_32_BIT_CONVERSION = YES;
				GCC_WARN_ABOUT_RETURN_TYPE = YES_ERROR;
				GCC_WARN_UNDECLARED_SELECTOR = YES;
				GCC_WARN_UNINITIALIZED_AUTOS = YES_AGGRESSIVE;
				GCC_WARN_UNUSED_FUNCTION = YES;
				GCC_WARN_UNUSED_VARIABLE = YES;
				MACOSX_DEPLOYMENT_TARGET = 14.0;
				MTL_ENABLE_DEBUG_INFO = NO;
				MTL_FAST_MATH = YES;
				PRODUCT_NAME = "$(TARGET_NAME)";
				SDKROOT = macosx;
				SWIFT_COMPILATION_MODE = wholemodule;
				SWIFT_EMIT_LOC_STRINGS = YES;
				SWIFT_OPTIMIZATION_LEVEL = "-O";
				SWIFT_STRICT_CONCURRENCY = complete;
				SWIFT_VERSION = 6.0;
			};
			name = Release;
		};
		7D2F0A4F788B628CA3BBB786 /* Release */ = {
			isa = XCBuildConfiguration;
			buildSettings = {
				CODE_SIGN_ENTITLEMENTS = VPNPlusTunnel/VPNPlusTunnel.release.entitlements;
				COMBINE_HIDPI_IMAGES = YES;
				CURRENT_PROJECT_VERSION = 1;
				HEADER_SEARCH_PATHS = (
					"$(SRCROOT)/VPNPlusEngine/include",
				);
				INFOPLIST_FILE = VPNPlusTunnel/Info.plist;
				LD_RUNPATH_SEARCH_PATHS = (
					"$(inherited)",
					"@executable_path/../Frameworks",
				);
				LIBRARY_SEARCH_PATHS = (
					"$(SRCROOT)/ThirdParty/out/lib",
				);
				MARKETING_VERSION = 1.0.0;
				OTHER_LDFLAGS = (
					"-lssl",
					"-lcrypto",
					"-llz4",
					"-lfmt",
					"-ObjC",
				);
				PRODUCT_BUNDLE_IDENTIFIER = com.bossagroove.VPNPlus.tunnel;
				PRODUCT_NAME = com.bossagroove.VPNPlus.tunnel;
				SDKROOT = macosx;
				SWIFT_OBJC_BRIDGING_HEADER = "VPNPlusTunnel/VPNPlusTunnel-Bridging-Header.h";
			};
			name = Release;
		};
		91C81538829975ABE1990250 /* Debug */ = {
			isa = XCBuildConfiguration;
			buildSettings = {
				ASSETCATALOG_COMPILER_APPICON_NAME = AppIcon;
				CODE_SIGN_ENTITLEMENTS = VPNPlus/VPNPlus.debug.entitlements;
				COMBINE_HIDPI_IMAGES = YES;
				CURRENT_PROJECT_VERSION = 1;
				HEADER_SEARCH_PATHS = (
					"$(SRCROOT)/VPNPlusEngine/include",
				);
				INFOPLIST_FILE = VPNPlus/Info.plist;
				LD_RUNPATH_SEARCH_PATHS = (
					"$(inherited)",
					"@executable_path/../Frameworks",
				);
				LIBRARY_SEARCH_PATHS = (
					"$(SRCROOT)/ThirdParty/out/lib",
				);
				MARKETING_VERSION = 1.0.0;
				OTHER_LDFLAGS = (
					"-lssl",
					"-lcrypto",
					"-llz4",
					"-lfmt",
					"-ObjC",
				);
				PRODUCT_BUNDLE_IDENTIFIER = com.bossagroove.VPNPlus;
				PRODUCT_NAME = "VPN Plus";
				SDKROOT = macosx;
				SPARKLE_ED_PUBLIC_KEY = "iMeRfNLNfeMbd+Vxmy/B06HeOgHT/8lSUg9ZFDxFDZg=";
				SWIFT_OBJC_BRIDGING_HEADER = "VPNPlus/VPNPlus-Bridging-Header.h";
				SYSTEM_EXTENSION_FOLDER_PATH = Contents/Library/SystemExtensions;
			};
			name = Debug;
		};
		96E9113AB8A6B790634105F3 /* Release */ = {
			isa = XCBuildConfiguration;
			buildSettings = {
				BUNDLE_LOADER = "$(TEST_HOST)";
				CODE_SIGN_STYLE = Automatic;
				COMBINE_HIDPI_IMAGES = YES;
				DEVELOPMENT_TEAM = "";
				LD_RUNPATH_SEARCH_PATHS = (
					"$(inherited)",
					"@executable_path/../Frameworks",
					"@loader_path/../Frameworks",
				);
				PRODUCT_BUNDLE_IDENTIFIER = com.bossagroove.VPNPlus.AppTests;
				SDKROOT = macosx;
				TEST_HOST = "$(BUILT_PRODUCTS_DIR)/VPN Plus.app/Contents/MacOS/VPN Plus";
			};
			name = Release;
		};
		9FF661DD5EC9F99340186285 /* Debug */ = {
			isa = XCBuildConfiguration;
			buildSettings = {
				CODE_SIGN_ENTITLEMENTS = VPNPlusTunnel/VPNPlusTunnel.debug.entitlements;
				COMBINE_HIDPI_IMAGES = YES;
				CURRENT_PROJECT_VERSION = 1;
				HEADER_SEARCH_PATHS = (
					"$(SRCROOT)/VPNPlusEngine/include",
				);
				INFOPLIST_FILE = VPNPlusTunnel/Info.plist;
				LD_RUNPATH_SEARCH_PATHS = (
					"$(inherited)",
					"@executable_path/../Frameworks",
				);
				LIBRARY_SEARCH_PATHS = (
					"$(SRCROOT)/ThirdParty/out/lib",
				);
				MARKETING_VERSION = 1.0.0;
				OTHER_LDFLAGS = (
					"-lssl",
					"-lcrypto",
					"-llz4",
					"-lfmt",
					"-ObjC",
				);
				PRODUCT_BUNDLE_IDENTIFIER = com.bossagroove.VPNPlus.tunnel;
				PRODUCT_NAME = com.bossagroove.VPNPlus.tunnel;
				SDKROOT = macosx;
				SWIFT_OBJC_BRIDGING_HEADER = "VPNPlusTunnel/VPNPlusTunnel-Bridging-Header.h";
			};
			name = Debug;
		};
		A23E38DA98F56E4A9FD5B3EA /* Release */ = {
			isa = XCBuildConfiguration;
			buildSettings = {
				BUNDLE_LOADER = "$(TEST_HOST)";
				CODE_SIGN_STYLE = Automatic;
				COMBINE_HIDPI_IMAGES = YES;
				DEVELOPMENT_TEAM = "";
				LD_RUNPATH_SEARCH_PATHS = (
					"$(inherited)",
					"@executable_path/../Frameworks",
					"@loader_path/../Frameworks",
				);
				PRODUCT_BUNDLE_IDENTIFIER = com.bossagroove.VPNPlus.CopyTests;
				SDKROOT = macosx;
			};
			name = Release;
		};
		AF0F49136DCFB4360A6604AA /* Release */ = {
			isa = XCBuildConfiguration;
			buildSettings = {
				BUNDLE_LOADER = "$(TEST_HOST)";
				CODE_SIGN_STYLE = Automatic;
				COMBINE_HIDPI_IMAGES = YES;
				DEVELOPMENT_TEAM = "";
				HEADER_SEARCH_PATHS = (
					"$(SRCROOT)/VPNPlusEngine/include",
				);
				LD_RUNPATH_SEARCH_PATHS = (
					"$(inherited)",
					"@executable_path/../Frameworks",
					"@loader_path/../Frameworks",
				);
				LIBRARY_SEARCH_PATHS = (
					"$(SRCROOT)/ThirdParty/out/lib",
				);
				OTHER_LDFLAGS = (
					"-lssl",
					"-lcrypto",
					"-llz4",
					"-lfmt",
					"-ObjC",
				);
				PRODUCT_BUNDLE_IDENTIFIER = com.bossagroove.VPNPlus.EngineTests;
				SDKROOT = macosx;
				SWIFT_OBJC_BRIDGING_HEADER = "VPNPlusEngineTests/VPNPlusEngineTests-Bridging-Header.h";
			};
			name = Release;
		};
		C08ED82C82578431BC2374BE /* Release */ = {
			isa = XCBuildConfiguration;
			buildSettings = {
				BUNDLE_LOADER = "$(TEST_HOST)";
				CODE_SIGN_STYLE = Automatic;
				COMBINE_HIDPI_IMAGES = YES;
				DEVELOPMENT_TEAM = "";
				LD_RUNPATH_SEARCH_PATHS = (
					"$(inherited)",
					"@executable_path/../Frameworks",
					"@loader_path/../Frameworks",
				);
				PRODUCT_BUNDLE_IDENTIFIER = com.bossagroove.VPNPlus.SharedTests;
				SDKROOT = macosx;
			};
			name = Release;
		};
		CB97C6502F0A7AA0182CF2D6 /* Debug */ = {
			isa = XCBuildConfiguration;
			buildSettings = {
				CLANG_CXX_LANGUAGE_STANDARD = "c++20";
				CLANG_CXX_LIBRARY = "libc++";
				COMBINE_HIDPI_IMAGES = YES;
				GCC_C_LANGUAGE_STANDARD = gnu11;
				GCC_PREPROCESSOR_DEFINITIONS = (
					"$(inherited)",
					ASIO_STANDALONE,
					USE_ASIO,
					HAVE_LZ4,
					USE_OPENSSL,
					USE_TUN_BUILDER,
					ENABLE_EXTERNAL_PKI,
				);
				HEADER_SEARCH_PATHS = (
					"$(SRCROOT)/VPNPlusEngine/include",
				);
				LD_RUNPATH_SEARCH_PATHS = (
					"$(inherited)",
					"@executable_path/../Frameworks",
				);
				PRODUCT_BUNDLE_IDENTIFIER = com.bossagroove.VPNPlusEngine;
				PRODUCT_NAME = VPNPlusEngine;
				SDKROOT = macosx;
				SKIP_INSTALL = YES;
				SYSTEM_HEADER_SEARCH_PATHS = (
					"$(SRCROOT)/ThirdParty/openvpn3",
					"$(SRCROOT)/ThirdParty/out/include",
				);
			};
			name = Debug;
		};
/* End XCBuildConfiguration section */

/* Begin XCConfigurationList section */
		07139EF5422C3C2BC7F21F78 /* Build configuration list for PBXProject "VPNPlus" */ = {
			isa = XCConfigurationList;
			buildConfigurations = (
				2BE410F893BB407001D6F539 /* Debug */,
				7B03094AD7EAF1B97859B7FA /* Release */,
			);
			defaultConfigurationIsVisible = 0;
			defaultConfigurationName = Debug;
		};
		0C7F369BEA38C2DF47439297 /* Build configuration list for PBXNativeTarget "VPNPlusEngine" */ = {
			isa = XCConfigurationList;
			buildConfigurations = (
				CB97C6502F0A7AA0182CF2D6 /* Debug */,
				08A9FEBEA05D184994898F9F /* Release */,
			);
			defaultConfigurationIsVisible = 0;
			defaultConfigurationName = Debug;
		};
		66F3D65E2F1AEE3874FF06E1 /* Build configuration list for PBXNativeTarget "VPNPlusAppTests" */ = {
			isa = XCConfigurationList;
			buildConfigurations = (
				5EB068D313799AC4D6946CC7 /* Debug */,
				96E9113AB8A6B790634105F3 /* Release */,
			);
			defaultConfigurationIsVisible = 0;
			defaultConfigurationName = Debug;
		};
		B11C5E6341C914CD8592D70B /* Build configuration list for PBXNativeTarget "VPNPlusEngineTests" */ = {
			isa = XCConfigurationList;
			buildConfigurations = (
				63DDBAD90326A6D7BE8BA2EA /* Debug */,
				AF0F49136DCFB4360A6604AA /* Release */,
			);
			defaultConfigurationIsVisible = 0;
			defaultConfigurationName = Debug;
		};
		B6695766774D14272B728860 /* Build configuration list for PBXNativeTarget "VPNPlus" */ = {
			isa = XCConfigurationList;
			buildConfigurations = (
				91C81538829975ABE1990250 /* Debug */,
				451079394FA8517881976F17 /* Release */,
			);
			defaultConfigurationIsVisible = 0;
			defaultConfigurationName = Debug;
		};
		C8DEF8D2AE7C908B2A9714A6 /* Build configuration list for PBXNativeTarget "VPNPlusTunnel" */ = {
			isa = XCConfigurationList;
			buildConfigurations = (
				9FF661DD5EC9F99340186285 /* Debug */,
				7D2F0A4F788B628CA3BBB786 /* Release */,
			);
			defaultConfigurationIsVisible = 0;
			defaultConfigurationName = Debug;
		};
		D6C0BD4E027CABCE1F8DE837 /* Build configuration list for PBXNativeTarget "VPNPlusCopyTests" */ = {
			isa = XCConfigurationList;
			buildConfigurations = (
				121CE8FF3A4EE529FC3CF661 /* Debug */,
				A23E38DA98F56E4A9FD5B3EA /* Release */,
			);
			defaultConfigurationIsVisible = 0;
			defaultConfigurationName = Debug;
		};
		E76DA8DC0782617A7E6EDD6A /* Build configuration list for PBXNativeTarget "VPNPlusSharedTests" */ = {
			isa = XCConfigurationList;
			buildConfigurations = (
				3B5D55FF69498650FEE3C352 /* Debug */,
				C08ED82C82578431BC2374BE /* Release */,
			);
			defaultConfigurationIsVisible = 0;
			defaultConfigurationName = Debug;
		};
/* End XCConfigurationList section */

/* Begin XCLocalSwiftPackageReference section */
		B789B500495D5167A9ADE30C /* XCLocalSwiftPackageReference "Packages/VPNPlusCore" */ = {
			isa = XCLocalSwiftPackageReference;
			relativePath = Packages/VPNPlusCore;
		};
/* End XCLocalSwiftPackageReference section */

/* Begin XCRemoteSwiftPackageReference section */
		98C1DE6D913D534D9B7DD5A4 /* XCRemoteSwiftPackageReference "Sparkle" */ = {
			isa = XCRemoteSwiftPackageReference;
			repositoryURL = "https://github.com/sparkle-project/Sparkle";
			requirement = {
				kind = exactVersion;
				version = 2.9.6;
			};
		};
/* End XCRemoteSwiftPackageReference section */

/* Begin XCSwiftPackageProductDependency section */
		17FDEEEBA7AFEA2265FD7E8B /* Sparkle */ = {
			isa = XCSwiftPackageProductDependency;
			package = 98C1DE6D913D534D9B7DD5A4 /* XCRemoteSwiftPackageReference "Sparkle" */;
			productName = Sparkle;
		};
		3D2D5714DD1249014A1B7218 /* VPNPlusCore */ = {
			isa = XCSwiftPackageProductDependency;
			productName = VPNPlusCore;
		};
		8851D5D8871024EEBE79BE1D /* VPNPlusCore */ = {
			isa = XCSwiftPackageProductDependency;
			productName = VPNPlusCore;
		};
		B4EEE11DD89DF281EE6A7291 /* VPNPlusCore */ = {
			isa = XCSwiftPackageProductDependency;
			productName = VPNPlusCore;
		};
		E5AD49E779DF062A87D93C4D /* VPNPlusCore */ = {
			isa = XCSwiftPackageProductDependency;
			productName = VPNPlusCore;
		};
/* End XCSwiftPackageProductDependency section */
	};
	rootObject = E47F33744BEA266A851D4ACF /* Project object */;
}
